// !$*UTF8*$!
{
	archiveVersion = 1;
	classes = {
	};
	objectVersion = 46;
	objects = {

/* Begin PBXBuildFile section */
		0302EAF81932C1F6007F898D /* UserInterface.cpp in Sources */ = {isa = PBXBuildFile; fileRef = 0302EAF61932C1F6007F898D /* UserInterface.cpp */; };
		0302EAF91932C1F6007F898D /* UserInterface.cpp in Sources */ = {isa = PBXBuildFile; fileRef = 0302EAF61932C1F6007F898D /* UserInterface.cpp */; };
		0332FDBC1922EED00065697C /* TraceTests.mm in Sources */ = {isa = PBXBuildFile; fileRef = 0332FDBB1922EED00065697C /* TraceTests.mm */; };
		03514B5B192D16B60077C431 /* EventTests.cpp in Sources */ = {isa = PBXBuildFile; fileRef = 03514B59192D16B60077C431 /* EventTests.cpp */; };
		03517E0D192307A700F2C732 /* libboost_filesystem.a in Frameworks */ = {isa = PBXBuildFile; fileRef = 03517E0A192307A700F2C732 /* libboost_filesystem.a */; };
		03517E0E192307A700F2C732 /* libboost_filesystem.a in Frameworks */ = {isa = PBXBuildFile; fileRef = 03517E0A192307A700F2C732 /* libboost_filesystem.a */; };
		03517E0F192307A700F2C732 /* libboost_program_options.a in Frameworks */ = {isa = PBXBuildFile; fileRef = 03517E0B192307A700F2C732 /* libboost_program_options.a */; };
		03517E10192307A700F2C732 /* libboost_program_options.a in Frameworks */ = {isa = PBXBuildFile; fileRef = 03517E0B192307A700F2C732 /* libboost_program_options.a */; };
		03517E11192307A700F2C732 /* libboost_system.a in Frameworks */ = {isa = PBXBuildFile; fileRef = 03517E0C192307A700F2C732 /* libboost_system.a */; };
		03517E12192307A700F2C732 /* libboost_system.a in Frameworks */ = {isa = PBXBuildFile; fileRef = 03517E0C192307A700F2C732 /* libboost_system.a */; };
		036F43341933F44C00D1F146 /* libboost_date_time.a in Frameworks */ = {isa = PBXBuildFile; fileRef = 036F43311933F44C00D1F146 /* libboost_date_time.a */; };
		036F43351933F44C00D1F146 /* libboost_log.a in Frameworks */ = {isa = PBXBuildFile; fileRef = 036F43321933F44C00D1F146 /* libboost_log.a */; };
		037A338F192A5E8E006E2E84 /* DataFile.cpp in Sources */ = {isa = PBXBuildFile; fileRef = 037A338D192A5E8E006E2E84 /* DataFile.cpp */; };
		037A3390192A5E8E006E2E84 /* DataFile.cpp in Sources */ = {isa = PBXBuildFile; fileRef = 037A338D192A5E8E006E2E84 /* DataFile.cpp */; };
		038AB1051927F08B009C1C38 /* FakeRawFrame.cpp in Sources */ = {isa = PBXBuildFile; fileRef = 038AB1031927F08B009C1C38 /* FakeRawFrame.cpp */; };
		03AB409D191C269F0021ABD4 /* XCTest.framework in Frameworks */ = {isa = PBXBuildFile; fileRef = 03AB409C191C269F0021ABD4 /* XCTest.framework */; };
		03AB40A3191C269F0021ABD4 /* InfoPlist.strings in Resources */ = {isa = PBXBuildFile; fileRef = 03AB40A1191C269F0021ABD4 /* InfoPlist.strings */; };
		03AB40AC191C26C10021ABD4 /* GETFrameDataItem.cpp in Sources */ = {isa = PBXBuildFile; fileRef = 03DDF3A51918026900306788 /* GETFrameDataItem.cpp */; };
		03AB40AD191C26C10021ABD4 /* GETFrame.cpp in Sources */ = {isa = PBXBuildFile; fileRef = 03DDF3A21917FD9100306788 /* GETFrame.cpp */; };
		03AB40AE191C26C10021ABD4 /* PadLookupTable.cpp in Sources */ = {isa = PBXBuildFile; fileRef = 03DDF3B21919621A00306788 /* PadLookupTable.cpp */; };
		03AB40AF191C26C10021ABD4 /* Event.cpp in Sources */ = {isa = PBXBuildFile; fileRef = 03DDF3AC19195A5E00306788 /* Event.cpp */; };
		03AB40B0191C26C10021ABD4 /* Trace.cpp in Sources */ = {isa = PBXBuildFile; fileRef = 03DDF3AF19195B6100306788 /* Trace.cpp */; };
		03AB40B3191D0D950021ABD4 /* GETDataFile.cpp in Sources */ = {isa = PBXBuildFile; fileRef = 03AB40B1191D0D950021ABD4 /* GETDataFile.cpp */; };
		03AB40B4191D0D950021ABD4 /* GETDataFile.cpp in Sources */ = {isa = PBXBuildFile; fileRef = 03AB40B1191D0D950021ABD4 /* GETDataFile.cpp */; };
		03AB40B6191D24AB0021ABD4 /* GETDataFileTests.mm in Sources */ = {isa = PBXBuildFile; fileRef = 03AB40B5191D24AB0021ABD4 /* GETDataFileTests.mm */; };
		03AB40BB191D45900021ABD4 /* EventFile.cpp in Sources */ = {isa = PBXBuildFile; fileRef = 03AB40B9191D45900021ABD4 /* EventFile.cpp */; };
		03AB40BC191D45900021ABD4 /* EventFile.cpp in Sources */ = {isa = PBXBuildFile; fileRef = 03AB40B9191D45900021ABD4 /* EventFile.cpp */; };
		03B0AF8819224FAB0027E9F2 /* GETFrameTests.mm in Sources */ = {isa = PBXBuildFile; fileRef = 03B0AF8719224FAB0027E9F2 /* GETFrameTests.mm */; };
		03C2018F19267C2900264702 /* main.cpp in Sources */ = {isa = PBXBuildFile; fileRef = 03C2018E19267C2900264702 /* main.cpp */; };
		03C201A119267D8A00264702 /* TraceTests.cpp in Sources */ = {isa = PBXBuildFile; fileRef = 03C2019F19267D8A00264702 /* TraceTests.cpp */; };
		03C201A31926804000264702 /* Trace.cpp in Sources */ = {isa = PBXBuildFile; fileRef = 03DDF3AF19195B6100306788 /* Trace.cpp */; };
		03C201A61926835C00264702 /* GETFrameTests.cpp in Sources */ = {isa = PBXBuildFile; fileRef = 03C201A41926835C00264702 /* GETFrameTests.cpp */; };
		03C201A71926896700264702 /* PadLookupTable.cpp in Sources */ = {isa = PBXBuildFile; fileRef = 03DDF3B21919621A00306788 /* PadLookupTable.cpp */; };
		03C201A81926896700264702 /* GETDataFile.cpp in Sources */ = {isa = PBXBuildFile; fileRef = 03AB40B1191D0D950021ABD4 /* GETDataFile.cpp */; };
		03C201A91926896700264702 /* GETFrame.cpp in Sources */ = {isa = PBXBuildFile; fileRef = 03DDF3A21917FD9100306788 /* GETFrame.cpp */; };
		03C201AA1926896700264702 /* GETFrameDataItem.cpp in Sources */ = {isa = PBXBuildFile; fileRef = 03DDF3A51918026900306788 /* GETFrameDataItem.cpp */; };
		03C201AB1926896700264702 /* Event.cpp in Sources */ = {isa = PBXBuildFile; fileRef = 03DDF3AC19195A5E00306788 /* Event.cpp */; };
		03C201AC1926896700264702 /* EventFile.cpp in Sources */ = {isa = PBXBuildFile; fileRef = 03AB40B9191D45900021ABD4 /* EventFile.cpp */; };
		03C201AD19268A0500264702 /* libboost_filesystem.a in Frameworks */ = {isa = PBXBuildFile; fileRef = 03517E0A192307A700F2C732 /* libboost_filesystem.a */; };
		03C201AE19268A0500264702 /* libboost_program_options.a in Frameworks */ = {isa = PBXBuildFile; fileRef = 03517E0B192307A700F2C732 /* libboost_program_options.a */; };
		03C201AF19268A0500264702 /* libboost_system.a in Frameworks */ = {isa = PBXBuildFile; fileRef = 03517E0C192307A700F2C732 /* libboost_system.a */; };
		03C201B3192694E000264702 /* MockData in CopyFiles */ = {isa = PBXBuildFile; fileRef = 03C201B11926942F00264702 /* MockData */; };
		03C201B51926A6E700264702 /* libgmock.a in Frameworks */ = {isa = PBXBuildFile; fileRef = 03C201B41926A6E700264702 /* libgmock.a */; };
		03DDF39A1917FD1000306788 /* main.cpp in Sources */ = {isa = PBXBuildFile; fileRef = 03DDF3991917FD1000306788 /* main.cpp */; };
		03DDF39C1917FD1000306788 /* GETConsolidate.1 in Copy Files */ = {isa = PBXBuildFile; fileRef = 03DDF39B1917FD1000306788 /* GETConsolidate.1 */; };
		03DDF3A41917FD9100306788 /* GETFrame.cpp in Sources */ = {isa = PBXBuildFile; fileRef = 03DDF3A21917FD9100306788 /* GETFrame.cpp */; };
		03DDF3A71918026900306788 /* GETFrameDataItem.cpp in Sources */ = {isa = PBXBuildFile; fileRef = 03DDF3A51918026900306788 /* GETFrameDataItem.cpp */; };
		03DDF3AE19195A5E00306788 /* Event.cpp in Sources */ = {isa = PBXBuildFile; fileRef = 03DDF3AC19195A5E00306788 /* Event.cpp */; };
		03DDF3B119195B6100306788 /* Trace.cpp in Sources */ = {isa = PBXBuildFile; fileRef = 03DDF3AF19195B6100306788 /* Trace.cpp */; };
		03DDF3B41919621A00306788 /* PadLookupTable.cpp in Sources */ = {isa = PBXBuildFile; fileRef = 03DDF3B21919621A00306788 /* PadLookupTable.cpp */; };
/* End PBXBuildFile section */

/* Begin PBXContainerItemProxy section */
		03AB40A7191C269F0021ABD4 /* PBXContainerItemProxy */ = {
			isa = PBXContainerItemProxy;
			containerPortal = 03DDF38E1917FD0F00306788 /* Project object */;
			proxyType = 1;
			remoteGlobalIDString = 03DDF3951917FD1000306788;
			remoteInfo = GETConsolidate;
		};
/* End PBXContainerItemProxy section */

/* Begin PBXCopyFilesBuildPhase section */
		03C2018A19267C2900264702 /* CopyFiles */ = {
			isa = PBXCopyFilesBuildPhase;
			buildActionMask = 12;
			dstPath = "";
			dstSubfolderSpec = 16;
			files = (
				03C201B3192694E000264702 /* MockData in CopyFiles */,
			);
			runOnlyForDeploymentPostprocessing = 0;
		};
		03DDF3941917FD1000306788 /* Copy Files */ = {
			isa = PBXCopyFilesBuildPhase;
			buildActionMask = 2147483647;
			dstPath = /usr/share/man/man1/;
			dstSubfolderSpec = 0;
			files = (
				03DDF39C1917FD1000306788 /* GETConsolidate.1 in Copy Files */,
			);
			name = "Copy Files";
			runOnlyForDeploymentPostprocessing = 1;
		};
/* End PBXCopyFilesBuildPhase section */

/* Begin PBXFileReference section */
		0302EAF61932C1F6007F898D /* UserInterface.cpp */ = {isa = PBXFileReference; fileEncoding = 4; lastKnownFileType = sourcecode.cpp.cpp; path = UserInterface.cpp; sourceTree = "<group>"; };
		0302EAF71932C1F6007F898D /* UserInterface.h */ = {isa = PBXFileReference; fileEncoding = 4; lastKnownFileType = sourcecode.c.h; path = UserInterface.h; sourceTree = "<group>"; };
		03250BC5192FED5F00FBA1FB /* datafile.rst */ = {isa = PBXFileReference; fileEncoding = 4; lastKnownFileType = text; path = datafile.rst; sourceTree = "<group>"; };
		0332FDBB1922EED00065697C /* TraceTests.mm */ = {isa = PBXFileReference; fileEncoding = 4; lastKnownFileType = sourcecode.cpp.objcpp; path = TraceTests.mm; sourceTree = "<group>"; };
		03514A06192CEEAB0077C431 /* Doxyfile */ = {isa = PBXFileReference; lastKnownFileType = text; path = Doxyfile; sourceTree = "<group>"; };
		03514B1E192CEEAB0077C431 /* Makefile */ = {isa = PBXFileReference; lastKnownFileType = sourcecode.make; path = Makefile; sourceTree = "<group>"; };
		03514B22192CEEAB0077C431 /* layout.html */ = {isa = PBXFileReference; lastKnownFileType = text.html; path = layout.html; sourceTree = "<group>"; };
		03514B23192CEEAB0077C431 /* NEWS.txt */ = {isa = PBXFileReference; lastKnownFileType = text; path = NEWS.txt; sourceTree = "<group>"; };
		03514B24192CEEAB0077C431 /* README.rst */ = {isa = PBXFileReference; lastKnownFileType = text; path = README.rst; sourceTree = "<group>"; };
		03514B26192CEEAB0077C431 /* solar.css */ = {isa = PBXFileReference; lastKnownFileType = text.css; path = solar.css; sourceTree = "<group>"; };
		03514B27192CEEAB0077C431 /* solarized-dark.css */ = {isa = PBXFileReference; lastKnownFileType = text.css; path = "solarized-dark.css"; sourceTree = "<group>"; };
		03514B28192CEEAB0077C431 /* subtle_dots.png */ = {isa = PBXFileReference; lastKnownFileType = image.png; path = subtle_dots.png; sourceTree = "<group>"; };
		03514B29192CEEAB0077C431 /* theme.conf */ = {isa = PBXFileReference; lastKnownFileType = text; path = theme.conf; sourceTree = "<group>"; };
		03514B2B192CEEAB0077C431 /* __init__.py */ = {isa = PBXFileReference; lastKnownFileType = text.script.python; path = __init__.py; sourceTree = "<group>"; };
		03514B2C192CEEAB0077C431 /* breadcrumbs.html */ = {isa = PBXFileReference; lastKnownFileType = text.html; path = breadcrumbs.html; sourceTree = "<group>"; };
		03514B2D192CEEAB0077C431 /* footer.html */ = {isa = PBXFileReference; lastKnownFileType = text.html; path = footer.html; sourceTree = "<group>"; };
		03514B2E192CEEAB0077C431 /* layout.html */ = {isa = PBXFileReference; lastKnownFileType = text.html; path = layout.html; sourceTree = "<group>"; };
		03514B2F192CEEAB0077C431 /* layout_old.html */ = {isa = PBXFileReference; lastKnownFileType = text.html; path = layout_old.html; sourceTree = "<group>"; };
		03514B30192CEEAB0077C431 /* search.html */ = {isa = PBXFileReference; lastKnownFileType = text.html; path = search.html; sourceTree = "<group>"; };
		03514B31192CEEAB0077C431 /* searchbox.html */ = {isa = PBXFileReference; lastKnownFileType = text.html; path = searchbox.html; sourceTree = "<group>"; };
		03514B34192CEEAB0077C431 /* badge_only.css */ = {isa = PBXFileReference; lastKnownFileType = text.css; path = badge_only.css; sourceTree = "<group>"; };
		03514B35192CEEAB0077C431 /* theme.css */ = {isa = PBXFileReference; lastKnownFileType = text.css; path = theme.css; sourceTree = "<group>"; };
		03514B37192CEEAB0077C431 /* fontawesome-webfont.eot */ = {isa = PBXFileReference; lastKnownFileType = file; path = "fontawesome-webfont.eot"; sourceTree = "<group>"; };
		03514B38192CEEAB0077C431 /* fontawesome-webfont.svg */ = {isa = PBXFileReference; lastKnownFileType = text.xml; path = "fontawesome-webfont.svg"; sourceTree = "<group>"; };
		03514B39192CEEAB0077C431 /* fontawesome-webfont.ttf */ = {isa = PBXFileReference; lastKnownFileType = file; path = "fontawesome-webfont.ttf"; sourceTree = "<group>"; };
		03514B3A192CEEAB0077C431 /* fontawesome-webfont.woff */ = {isa = PBXFileReference; lastKnownFileType = file; path = "fontawesome-webfont.woff"; sourceTree = "<group>"; };
		03514B3B192CEEAB0077C431 /* FontAwesome.otf */ = {isa = PBXFileReference; lastKnownFileType = file; path = FontAwesome.otf; sourceTree = "<group>"; };
		03514B3D192CEEAB0077C431 /* theme.js */ = {isa = PBXFileReference; lastKnownFileType = sourcecode.javascript; path = theme.js; sourceTree = "<group>"; };
		03514B3E192CEEAB0077C431 /* theme.conf */ = {isa = PBXFileReference; lastKnownFileType = text; path = theme.conf; sourceTree = "<group>"; };
		03514B3F192CEEAB0077C431 /* versions.html */ = {isa = PBXFileReference; lastKnownFileType = text.html; path = versions.html; sourceTree = "<group>"; };
		03514B40192CEEAB0077C431 /* classes.rst */ = {isa = PBXFileReference; lastKnownFileType = text; path = classes.rst; sourceTree = "<group>"; };
		03514B41192CEEAB0077C431 /* conf.py */ = {isa = PBXFileReference; lastKnownFileType = text.script.python; path = conf.py; sourceTree = "<group>"; };
		03514B42192CEEAB0077C431 /* event_file.rst */ = {isa = PBXFileReference; lastKnownFileType = text; path = event_file.rst; sourceTree = "<group>"; };
		03514B43192CEEAB0077C431 /* exceptions.rst */ = {isa = PBXFileReference; lastKnownFileType = text; path = exceptions.rst; sourceTree = "<group>"; };
		03514B44192CEEAB0077C431 /* formats.rst */ = {isa = PBXFileReference; lastKnownFileType = text; path = formats.rst; sourceTree = "<group>"; };
		03514B45192CEEAB0077C431 /* getdatafile.rst */ = {isa = PBXFileReference; lastKnownFileType = text; path = getdatafile.rst; sourceTree = "<group>"; };
		03514B46192CEEAB0077C431 /* GETFrame.rst */ = {isa = PBXFileReference; lastKnownFileType = text; path = GETFrame.rst; sourceTree = "<group>"; };
		03514B47192CEEAB0077C431 /* GRAW.rst */ = {isa = PBXFileReference; lastKnownFileType = text; path = GRAW.rst; sourceTree = "<group>"; };
		03514B48192CEEAB0077C431 /* index.rst */ = {isa = PBXFileReference; lastKnownFileType = text; path = index.rst; sourceTree = "<group>"; };
		03514B49192CEEAB0077C431 /* intro.rst */ = {isa = PBXFileReference; lastKnownFileType = text; path = intro.rst; sourceTree = "<group>"; };
		03514B4A192CEEAB0077C431 /* trace.rst */ = {isa = PBXFileReference; lastKnownFileType = text; path = trace.rst; sourceTree = "<group>"; };
		03514B4D192CF51B0077C431 /* padlookuptable.rst */ = {isa = PBXFileReference; fileEncoding = 4; lastKnownFileType = text; path = padlookuptable.rst; sourceTree = "<group>"; };
		03514B58192D11240077C431 /* event.rst */ = {isa = PBXFileReference; fileEncoding = 4; lastKnownFileType = text; path = event.rst; sourceTree = "<group>"; };
		03514B59192D16B60077C431 /* EventTests.cpp */ = {isa = PBXFileReference; fileEncoding = 4; lastKnownFileType = sourcecode.cpp.cpp; path = EventTests.cpp; sourceTree = "<group>"; };
		03517E0A192307A700F2C732 /* libboost_filesystem.a */ = {isa = PBXFileReference; lastKnownFileType = archive.ar; name = libboost_filesystem.a; path = ../../../../../../../usr/local/lib/libboost_filesystem.a; sourceTree = "<group>"; };
		03517E0B192307A700F2C732 /* libboost_program_options.a */ = {isa = PBXFileReference; lastKnownFileType = archive.ar; name = libboost_program_options.a; path = ../../../../../../../usr/local/lib/libboost_program_options.a; sourceTree = "<group>"; };
		03517E0C192307A700F2C732 /* libboost_system.a */ = {isa = PBXFileReference; lastKnownFileType = archive.ar; name = libboost_system.a; path = ../../../../../../../usr/local/lib/libboost_system.a; sourceTree = "<group>"; };
		036F43301933F18200D1F146 /* event_file_class.rst */ = {isa = PBXFileReference; lastKnownFileType = text; path = event_file_class.rst; sourceTree = "<group>"; };
		036F43311933F44C00D1F146 /* libboost_date_time.a */ = {isa = PBXFileReference; lastKnownFileType = archive.ar; name = libboost_date_time.a; path = /usr/local/lib/libboost_date_time.a; sourceTree = "<absolute>"; };
		036F43321933F44C00D1F146 /* libboost_log.a */ = {isa = PBXFileReference; lastKnownFileType = archive.ar; name = libboost_log.a; path = /usr/local/lib/libboost_log.a; sourceTree = "<absolute>"; };
		037A338D192A5E8E006E2E84 /* DataFile.cpp */ = {isa = PBXFileReference; fileEncoding = 4; lastKnownFileType = sourcecode.cpp.cpp; path = DataFile.cpp; sourceTree = "<group>"; };
		037A338E192A5E8E006E2E84 /* DataFile.h */ = {isa = PBXFileReference; fileEncoding = 4; lastKnownFileType = sourcecode.c.h; path = DataFile.h; sourceTree = "<group>"; };
		038AB1031927F08B009C1C38 /* FakeRawFrame.cpp */ = {isa = PBXFileReference; fileEncoding = 4; lastKnownFileType = sourcecode.cpp.cpp; path = FakeRawFrame.cpp; sourceTree = "<group>"; };
		038AB1041927F08B009C1C38 /* FakeRawFrame.h */ = {isa = PBXFileReference; fileEncoding = 4; lastKnownFileType = sourcecode.c.h; path = FakeRawFrame.h; sourceTree = "<group>"; };
		039056CC192552AE00214C6C /* Utilities.h */ = {isa = PBXFileReference; lastKnownFileType = sourcecode.c.h; path = Utilities.h; sourceTree = "<group>"; };
		03AB409A191C269F0021ABD4 /* GETConsolidate Tests.xctest */ = {isa = PBXFileReference; explicitFileType = wrapper.cfbundle; includeInIndex = 0; path = "GETConsolidate Tests.xctest"; sourceTree = BUILT_PRODUCTS_DIR; };
		03AB409C191C269F0021ABD4 /* XCTest.framework */ = {isa = PBXFileReference; lastKnownFileType = wrapper.framework; name = XCTest.framework; path = Library/Frameworks/XCTest.framework; sourceTree = DEVELOPER_DIR; };
		03AB40A0191C269F0021ABD4 /* GETConsolidate Tests-Info.plist */ = {isa = PBXFileReference; lastKnownFileType = text.plist.xml; path = "GETConsolidate Tests-Info.plist"; sourceTree = "<group>"; };
		03AB40A2191C269F0021ABD4 /* en */ = {isa = PBXFileReference; lastKnownFileType = text.plist.strings; name = en; path = en.lproj/InfoPlist.strings; sourceTree = "<group>"; };
		03AB40A6191C269F0021ABD4 /* GETConsolidate Tests-Prefix.pch */ = {isa = PBXFileReference; lastKnownFileType = sourcecode.c.h; path = "GETConsolidate Tests-Prefix.pch"; sourceTree = "<group>"; };
		03AB40B1191D0D950021ABD4 /* GETDataFile.cpp */ = {isa = PBXFileReference; fileEncoding = 4; lastKnownFileType = sourcecode.cpp.cpp; path = GETDataFile.cpp; sourceTree = "<group>"; };
		03AB40B2191D0D950021ABD4 /* GETDataFile.h */ = {isa = PBXFileReference; fileEncoding = 4; lastKnownFileType = sourcecode.c.h; path = GETDataFile.h; sourceTree = "<group>"; };
		03AB40B5191D24AB0021ABD4 /* GETDataFileTests.mm */ = {isa = PBXFileReference; fileEncoding = 4; lastKnownFileType = sourcecode.cpp.objcpp; path = GETDataFileTests.mm; sourceTree = "<group>"; };
		03AB40B9191D45900021ABD4 /* EventFile.cpp */ = {isa = PBXFileReference; fileEncoding = 4; lastKnownFileType = sourcecode.cpp.cpp; path = EventFile.cpp; sourceTree = "<group>"; };
		03AB40BA191D45900021ABD4 /* EventFile.h */ = {isa = PBXFileReference; fileEncoding = 4; lastKnownFileType = sourcecode.c.h; path = EventFile.h; sourceTree = "<group>"; };
		03AB40C0191D546C0021ABD4 /* GETExceptions.h */ = {isa = PBXFileReference; fileEncoding = 4; lastKnownFileType = sourcecode.c.h; path = GETExceptions.h; sourceTree = "<group>"; };
		03B0AF8719224FAB0027E9F2 /* GETFrameTests.mm */ = {isa = PBXFileReference; fileEncoding = 4; lastKnownFileType = sourcecode.cpp.objcpp; path = GETFrameTests.mm; sourceTree = "<group>"; };
		03C2018C19267C2900264702 /* GetConsolidateTests */ = {isa = PBXFileReference; explicitFileType = "compiled.mach-o.executable"; includeInIndex = 0; path = GetConsolidateTests; sourceTree = BUILT_PRODUCTS_DIR; };
		03C2018E19267C2900264702 /* main.cpp */ = {isa = PBXFileReference; lastKnownFileType = sourcecode.cpp.cpp; path = main.cpp; sourceTree = "<group>"; };
		03C2019019267C2900264702 /* GetConsolidateTests.1 */ = {isa = PBXFileReference; lastKnownFileType = text.man; path = GetConsolidateTests.1; sourceTree = "<group>"; };
		03C2019F19267D8A00264702 /* TraceTests.cpp */ = {isa = PBXFileReference; fileEncoding = 4; lastKnownFileType = sourcecode.cpp.cpp; path = TraceTests.cpp; sourceTree = "<group>"; };
		03C201A41926835C00264702 /* GETFrameTests.cpp */ = {isa = PBXFileReference; fileEncoding = 4; lastKnownFileType = sourcecode.cpp.cpp; path = GETFrameTests.cpp; sourceTree = "<group>"; };
		03C201B019268E7E00264702 /* MockGETDataFile.h */ = {isa = PBXFileReference; lastKnownFileType = sourcecode.c.h; path = MockGETDataFile.h; sourceTree = "<group>"; };
		03C201B11926942F00264702 /* MockData */ = {isa = PBXFileReference; lastKnownFileType = folder; path = MockData; sourceTree = "<group>"; };
		03C201B41926A6E700264702 /* libgmock.a */ = {isa = PBXFileReference; lastKnownFileType = archive.ar; name = libgmock.a; path = /usr/local/lib/libgmock.a; sourceTree = "<absolute>"; };
		03DDF3961917FD1000306788 /* GETConsolidate */ = {isa = PBXFileReference; explicitFileType = "compiled.mach-o.executable"; includeInIndex = 0; path = GETConsolidate; sourceTree = BUILT_PRODUCTS_DIR; };
		03DDF3991917FD1000306788 /* main.cpp */ = {isa = PBXFileReference; lastKnownFileType = sourcecode.cpp.cpp; path = main.cpp; sourceTree = "<group>"; };
		03DDF39B1917FD1000306788 /* GETConsolidate.1 */ = {isa = PBXFileReference; lastKnownFileType = text.man; path = GETConsolidate.1; sourceTree = "<group>"; };
		03DDF3A21917FD9100306788 /* GETFrame.cpp */ = {isa = PBXFileReference; fileEncoding = 4; lastKnownFileType = sourcecode.cpp.cpp; path = GETFrame.cpp; sourceTree = "<group>"; };
		03DDF3A31917FD9100306788 /* GETFrame.h */ = {isa = PBXFileReference; fileEncoding = 4; lastKnownFileType = sourcecode.c.h; path = GETFrame.h; sourceTree = "<group>"; };
		03DDF3A51918026900306788 /* GETFrameDataItem.cpp */ = {isa = PBXFileReference; fileEncoding = 4; lastKnownFileType = sourcecode.cpp.cpp; path = GETFrameDataItem.cpp; sourceTree = "<group>"; };
		03DDF3A61918026900306788 /* GETFrameDataItem.h */ = {isa = PBXFileReference; fileEncoding = 4; lastKnownFileType = sourcecode.c.h; path = GETFrameDataItem.h; sourceTree = "<group>"; };
		03DDF3AC19195A5E00306788 /* Event.cpp */ = {isa = PBXFileReference; fileEncoding = 4; lastKnownFileType = sourcecode.cpp.cpp; path = Event.cpp; sourceTree = "<group>"; };
		03DDF3AD19195A5E00306788 /* Event.h */ = {isa = PBXFileReference; fileEncoding = 4; lastKnownFileType = sourcecode.c.h; path = Event.h; sourceTree = "<group>"; };
		03DDF3AF19195B6100306788 /* Trace.cpp */ = {isa = PBXFileReference; fileEncoding = 4; lastKnownFileType = sourcecode.cpp.cpp; path = Trace.cpp; sourceTree = "<group>"; };
		03DDF3B019195B6100306788 /* Trace.h */ = {isa = PBXFileReference; fileEncoding = 4; lastKnownFileType = sourcecode.c.h; path = Trace.h; sourceTree = "<group>"; };
		03DDF3B21919621A00306788 /* PadLookupTable.cpp */ = {isa = PBXFileReference; fileEncoding = 4; lastKnownFileType = sourcecode.cpp.cpp; path = PadLookupTable.cpp; sourceTree = "<group>"; };
		03DDF3B31919621A00306788 /* PadLookupTable.h */ = {isa = PBXFileReference; fileEncoding = 4; lastKnownFileType = sourcecode.c.h; path = PadLookupTable.h; sourceTree = "<group>"; };
/* End PBXFileReference section */

/* Begin PBXFrameworksBuildPhase section */
		03AB4097191C269F0021ABD4 /* Frameworks */ = {
			isa = PBXFrameworksBuildPhase;
			buildActionMask = 2147483647;
			files = (
				03517E12192307A700F2C732 /* libboost_system.a in Frameworks */,
				03AB409D191C269F0021ABD4 /* XCTest.framework in Frameworks */,
				03517E0E192307A700F2C732 /* libboost_filesystem.a in Frameworks */,
				03517E10192307A700F2C732 /* libboost_program_options.a in Frameworks */,
			);
			runOnlyForDeploymentPostprocessing = 0;
		};
		03C2018919267C2900264702 /* Frameworks */ = {
			isa = PBXFrameworksBuildPhase;
			buildActionMask = 2147483647;
			files = (
				03C201AD19268A0500264702 /* libboost_filesystem.a in Frameworks */,
				03C201B51926A6E700264702 /* libgmock.a in Frameworks */,
				03C201AE19268A0500264702 /* libboost_program_options.a in Frameworks */,
				03C201AF19268A0500264702 /* libboost_system.a in Frameworks */,
			);
			runOnlyForDeploymentPostprocessing = 0;
		};
		03DDF3931917FD1000306788 /* Frameworks */ = {
			isa = PBXFrameworksBuildPhase;
			buildActionMask = 2147483647;
			files = (
				036F43351933F44C00D1F146 /* libboost_log.a in Frameworks */,
				036F43341933F44C00D1F146 /* libboost_date_time.a in Frameworks */,
				03517E11192307A700F2C732 /* libboost_system.a in Frameworks */,
				03517E0F192307A700F2C732 /* libboost_program_options.a in Frameworks */,
				03517E0D192307A700F2C732 /* libboost_filesystem.a in Frameworks */,
			);
			runOnlyForDeploymentPostprocessing = 0;
		};
/* End PBXFrameworksBuildPhase section */

/* Begin PBXGroup section */
		035149B2192CEEAB0077C431 /* docs */ = {
			isa = PBXGroup;
			children = (
				03514A06192CEEAB0077C431 /* Doxyfile */,
				03514B1E192CEEAB0077C431 /* Makefile */,
				03514B1F192CEEAB0077C431 /* source */,
			);
			path = docs;
			sourceTree = "<group>";
		};
		03514B1F192CEEAB0077C431 /* source */ = {
			isa = PBXGroup;
			children = (
				03514B20192CEEAB0077C431 /* _themes */,
				03514B40192CEEAB0077C431 /* classes.rst */,
				03514B41192CEEAB0077C431 /* conf.py */,
				03514B42192CEEAB0077C431 /* event_file.rst */,
				03514B43192CEEAB0077C431 /* exceptions.rst */,
				03514B44192CEEAB0077C431 /* formats.rst */,
				03514B45192CEEAB0077C431 /* getdatafile.rst */,
				03514B46192CEEAB0077C431 /* GETFrame.rst */,
				03514B47192CEEAB0077C431 /* GRAW.rst */,
				03514B48192CEEAB0077C431 /* index.rst */,
				03514B49192CEEAB0077C431 /* intro.rst */,
				03514B4A192CEEAB0077C431 /* trace.rst */,
				03514B4D192CF51B0077C431 /* padlookuptable.rst */,
				03514B58192D11240077C431 /* event.rst */,
				03250BC5192FED5F00FBA1FB /* datafile.rst */,
				036F43301933F18200D1F146 /* event_file_class.rst */,
			);
			path = source;
			sourceTree = "<group>";
		};
		03514B20192CEEAB0077C431 /* _themes */ = {
			isa = PBXGroup;
			children = (
				03514B21192CEEAB0077C431 /* solar */,
				03514B2A192CEEAB0077C431 /* sphinx_rtd_theme */,
			);
			path = _themes;
			sourceTree = "<group>";
		};
		03514B21192CEEAB0077C431 /* solar */ = {
			isa = PBXGroup;
			children = (
				03514B22192CEEAB0077C431 /* layout.html */,
				03514B23192CEEAB0077C431 /* NEWS.txt */,
				03514B24192CEEAB0077C431 /* README.rst */,
				03514B25192CEEAB0077C431 /* static */,
				03514B29192CEEAB0077C431 /* theme.conf */,
			);
			path = solar;
			sourceTree = "<group>";
		};
		03514B25192CEEAB0077C431 /* static */ = {
			isa = PBXGroup;
			children = (
				03514B26192CEEAB0077C431 /* solar.css */,
				03514B27192CEEAB0077C431 /* solarized-dark.css */,
				03514B28192CEEAB0077C431 /* subtle_dots.png */,
			);
			path = static;
			sourceTree = "<group>";
		};
		03514B2A192CEEAB0077C431 /* sphinx_rtd_theme */ = {
			isa = PBXGroup;
			children = (
				03514B2B192CEEAB0077C431 /* __init__.py */,
				03514B2C192CEEAB0077C431 /* breadcrumbs.html */,
				03514B2D192CEEAB0077C431 /* footer.html */,
				03514B2E192CEEAB0077C431 /* layout.html */,
				03514B2F192CEEAB0077C431 /* layout_old.html */,
				03514B30192CEEAB0077C431 /* search.html */,
				03514B31192CEEAB0077C431 /* searchbox.html */,
				03514B32192CEEAB0077C431 /* static */,
				03514B3E192CEEAB0077C431 /* theme.conf */,
				03514B3F192CEEAB0077C431 /* versions.html */,
			);
			path = sphinx_rtd_theme;
			sourceTree = "<group>";
		};
		03514B32192CEEAB0077C431 /* static */ = {
			isa = PBXGroup;
			children = (
				03514B33192CEEAB0077C431 /* css */,
				03514B36192CEEAB0077C431 /* fonts */,
				03514B3C192CEEAB0077C431 /* js */,
			);
			path = static;
			sourceTree = "<group>";
		};
		03514B33192CEEAB0077C431 /* css */ = {
			isa = PBXGroup;
			children = (
				03514B34192CEEAB0077C431 /* badge_only.css */,
				03514B35192CEEAB0077C431 /* theme.css */,
			);
			path = css;
			sourceTree = "<group>";
		};
		03514B36192CEEAB0077C431 /* fonts */ = {
			isa = PBXGroup;
			children = (
				03514B37192CEEAB0077C431 /* fontawesome-webfont.eot */,
				03514B38192CEEAB0077C431 /* fontawesome-webfont.svg */,
				03514B39192CEEAB0077C431 /* fontawesome-webfont.ttf */,
				03514B3A192CEEAB0077C431 /* fontawesome-webfont.woff */,
				03514B3B192CEEAB0077C431 /* FontAwesome.otf */,
			);
			path = fonts;
			sourceTree = "<group>";
		};
		03514B3C192CEEAB0077C431 /* js */ = {
			isa = PBXGroup;
			children = (
				03514B3D192CEEAB0077C431 /* theme.js */,
			);
			path = js;
			sourceTree = "<group>";
		};
		03AB409B191C269F0021ABD4 /* Frameworks */ = {
			isa = PBXGroup;
			children = (
				03AB409C191C269F0021ABD4 /* XCTest.framework */,
			);
			name = Frameworks;
			sourceTree = "<group>";
		};
		03AB409E191C269F0021ABD4 /* GETConsolidate Tests */ = {
			isa = PBXGroup;
			children = (
				0332FDBB1922EED00065697C /* TraceTests.mm */,
				03B0AF8719224FAB0027E9F2 /* GETFrameTests.mm */,
				03AB40B5191D24AB0021ABD4 /* GETDataFileTests.mm */,
				03AB409F191C269F0021ABD4 /* Supporting Files */,
			);
			path = "GETConsolidate Tests";
			sourceTree = "<group>";
		};
		03AB409F191C269F0021ABD4 /* Supporting Files */ = {
			isa = PBXGroup;
			children = (
				03AB40A0191C269F0021ABD4 /* GETConsolidate Tests-Info.plist */,
				03AB40A1191C269F0021ABD4 /* InfoPlist.strings */,
				03AB40A6191C269F0021ABD4 /* GETConsolidate Tests-Prefix.pch */,
			);
			name = "Supporting Files";
			sourceTree = "<group>";
		};
		03AB40BD191D45A90021ABD4 /* Headers */ = {
			isa = PBXGroup;
			children = (
				0302EAF71932C1F6007F898D /* UserInterface.h */,
				039056CC192552AE00214C6C /* Utilities.h */,
				03AB40C0191D546C0021ABD4 /* GETExceptions.h */,
				03DDF3B31919621A00306788 /* PadLookupTable.h */,
				037A338E192A5E8E006E2E84 /* DataFile.h */,
				03AB40B2191D0D950021ABD4 /* GETDataFile.h */,
				03AB40BA191D45900021ABD4 /* EventFile.h */,
				03DDF3A31917FD9100306788 /* GETFrame.h */,
				03DDF3A61918026900306788 /* GETFrameDataItem.h */,
				03DDF3AD19195A5E00306788 /* Event.h */,
				03DDF3B019195B6100306788 /* Trace.h */,
			);
			name = Headers;
			sourceTree = "<group>";
		};
		03AB40BE191D45C10021ABD4 /* Source */ = {
			isa = PBXGroup;
			children = (
				0302EAF61932C1F6007F898D /* UserInterface.cpp */,
				03DDF3B21919621A00306788 /* PadLookupTable.cpp */,
				037A338D192A5E8E006E2E84 /* DataFile.cpp */,
				03AB40B1191D0D950021ABD4 /* GETDataFile.cpp */,
				03AB40B9191D45900021ABD4 /* EventFile.cpp */,
				03DDF3A21917FD9100306788 /* GETFrame.cpp */,
				03DDF3A51918026900306788 /* GETFrameDataItem.cpp */,
				03DDF3AC19195A5E00306788 /* Event.cpp */,
				03DDF3AF19195B6100306788 /* Trace.cpp */,
				03DDF3991917FD1000306788 /* main.cpp */,
			);
			name = Source;
			sourceTree = "<group>";
		};
		03C2018D19267C2900264702 /* GetConsolidateTests */ = {
			isa = PBXGroup;
			children = (
				03C201B11926942F00264702 /* MockData */,
				03C201B019268E7E00264702 /* MockGETDataFile.h */,
				038AB1041927F08B009C1C38 /* FakeRawFrame.h */,
				038AB1031927F08B009C1C38 /* FakeRawFrame.cpp */,
				03C201A41926835C00264702 /* GETFrameTests.cpp */,
				03C2019F19267D8A00264702 /* TraceTests.cpp */,
				03514B59192D16B60077C431 /* EventTests.cpp */,
				03C2018E19267C2900264702 /* main.cpp */,
				03C2019019267C2900264702 /* GetConsolidateTests.1 */,
				03C201B41926A6E700264702 /* libgmock.a */,
			);
			path = GetConsolidateTests;
			sourceTree = "<group>";
		};
		03DDF38D1917FD0F00306788 = {
			isa = PBXGroup;
			children = (
				03DDF3981917FD1000306788 /* GETConsolidate */,
				035149B2192CEEAB0077C431 /* docs */,
				03AB409E191C269F0021ABD4 /* GETConsolidate Tests */,
				03C2018D19267C2900264702 /* GetConsolidateTests */,
				03AB409B191C269F0021ABD4 /* Frameworks */,
				03DDF3971917FD1000306788 /* Products */,
			);
			sourceTree = "<group>";
		};
		03DDF3971917FD1000306788 /* Products */ = {
			isa = PBXGroup;
			children = (
				03DDF3961917FD1000306788 /* GETConsolidate */,
				03AB409A191C269F0021ABD4 /* GETConsolidate Tests.xctest */,
				03C2018C19267C2900264702 /* GetConsolidateTests */,
			);
			name = Products;
			sourceTree = "<group>";
		};
		03DDF3981917FD1000306788 /* GETConsolidate */ = {
			isa = PBXGroup;
			children = (
				03AB40BD191D45A90021ABD4 /* Headers */,
				03AB40BE191D45C10021ABD4 /* Source */,
				03DDF39B1917FD1000306788 /* GETConsolidate.1 */,
				03517E0A192307A700F2C732 /* libboost_filesystem.a */,
				036F43311933F44C00D1F146 /* libboost_date_time.a */,
				036F43321933F44C00D1F146 /* libboost_log.a */,
				03517E0B192307A700F2C732 /* libboost_program_options.a */,
				03517E0C192307A700F2C732 /* libboost_system.a */,
			);
			path = GETConsolidate;
			sourceTree = "<group>";
		};
/* End PBXGroup section */

/* Begin PBXNativeTarget section */
		03AB4099191C269F0021ABD4 /* GETConsolidate Tests */ = {
			isa = PBXNativeTarget;
			buildConfigurationList = 03AB40A9191C269F0021ABD4 /* Build configuration list for PBXNativeTarget "GETConsolidate Tests" */;
			buildPhases = (
				03AB4096191C269F0021ABD4 /* Sources */,
				03AB4097191C269F0021ABD4 /* Frameworks */,
				03AB4098191C269F0021ABD4 /* Resources */,
			);
			buildRules = (
			);
			dependencies = (
				03AB40A8191C269F0021ABD4 /* PBXTargetDependency */,
			);
			name = "GETConsolidate Tests";
			productName = "GETConsolidate Tests";
			productReference = 03AB409A191C269F0021ABD4 /* GETConsolidate Tests.xctest */;
			productType = "com.apple.product-type.bundle.unit-test";
		};
		03C2018B19267C2900264702 /* GetConsolidateTests */ = {
			isa = PBXNativeTarget;
			buildConfigurationList = 03C2019219267C2900264702 /* Build configuration list for PBXNativeTarget "GetConsolidateTests" */;
			buildPhases = (
				03C2018819267C2900264702 /* Sources */,
				03C2018919267C2900264702 /* Frameworks */,
				03C2018A19267C2900264702 /* CopyFiles */,
			);
			buildRules = (
			);
			dependencies = (
			);
			name = GetConsolidateTests;
			productName = GetConsolidateTests;
			productReference = 03C2018C19267C2900264702 /* GetConsolidateTests */;
			productType = "com.apple.product-type.tool";
		};
		03DDF3951917FD1000306788 /* GETConsolidate */ = {
			isa = PBXNativeTarget;
			buildConfigurationList = 03DDF39F1917FD1000306788 /* Build configuration list for PBXNativeTarget "GETConsolidate" */;
			buildPhases = (
				03DDF3921917FD1000306788 /* Sources */,
				03DDF3931917FD1000306788 /* Frameworks */,
				03DDF3941917FD1000306788 /* Copy Files */,
				03514B57192D034B0077C431 /* ShellScript */,
			);
			buildRules = (
			);
			dependencies = (
			);
			name = GETConsolidate;
			productName = GETConsolidate;
			productReference = 03DDF3961917FD1000306788 /* GETConsolidate */;
			productType = "com.apple.product-type.tool";
		};
/* End PBXNativeTarget section */

/* Begin PBXProject section */
		03DDF38E1917FD0F00306788 /* Project object */ = {
			isa = PBXProject;
			attributes = {
				LastUpgradeCheck = 0510;
				ORGANIZATIONNAME = NSCL;
				TargetAttributes = {
					03AB4099191C269F0021ABD4 = {
						TestTargetID = 03DDF3951917FD1000306788;
					};
				};
			};
			buildConfigurationList = 03DDF3911917FD0F00306788 /* Build configuration list for PBXProject "GETConsolidate" */;
			compatibilityVersion = "Xcode 3.2";
			developmentRegion = English;
			hasScannedForEncodings = 0;
			knownRegions = (
				en,
			);
			mainGroup = 03DDF38D1917FD0F00306788;
			productRefGroup = 03DDF3971917FD1000306788 /* Products */;
			projectDirPath = "";
			projectRoot = "";
			targets = (
				03DDF3951917FD1000306788 /* GETConsolidate */,
				03AB4099191C269F0021ABD4 /* GETConsolidate Tests */,
				03C2018B19267C2900264702 /* GetConsolidateTests */,
			);
		};
/* End PBXProject section */

/* Begin PBXResourcesBuildPhase section */
		03AB4098191C269F0021ABD4 /* Resources */ = {
			isa = PBXResourcesBuildPhase;
			buildActionMask = 2147483647;
			files = (
				03AB40A3191C269F0021ABD4 /* InfoPlist.strings in Resources */,
			);
			runOnlyForDeploymentPostprocessing = 0;
		};
/* End PBXResourcesBuildPhase section */

/* Begin PBXShellScriptBuildPhase section */
		03514B57192D034B0077C431 /* ShellScript */ = {
			isa = PBXShellScriptBuildPhase;
			buildActionMask = 2147483647;
			files = (
			);
			inputPaths = (
			);
			outputPaths = (
			);
			runOnlyForDeploymentPostprocessing = 0;
			shellPath = /bin/sh;
			shellScript = "cd ${SOURCE_ROOT}/docs\n/usr/local/bin/doxygen Doxyfile\nmake html";
		};
/* End PBXShellScriptBuildPhase section */

/* Begin PBXSourcesBuildPhase section */
		03AB4096191C269F0021ABD4 /* Sources */ = {
			isa = PBXSourcesBuildPhase;
			buildActionMask = 2147483647;
			files = (
				03B0AF8819224FAB0027E9F2 /* GETFrameTests.mm in Sources */,
				03AB40BC191D45900021ABD4 /* EventFile.cpp in Sources */,
				03AB40B4191D0D950021ABD4 /* GETDataFile.cpp in Sources */,
				03AB40AD191C26C10021ABD4 /* GETFrame.cpp in Sources */,
				03AB40B6191D24AB0021ABD4 /* GETDataFileTests.mm in Sources */,
				0332FDBC1922EED00065697C /* TraceTests.mm in Sources */,
				03AB40AF191C26C10021ABD4 /* Event.cpp in Sources */,
				03AB40B0191C26C10021ABD4 /* Trace.cpp in Sources */,
				03AB40AE191C26C10021ABD4 /* PadLookupTable.cpp in Sources */,
				03AB40AC191C26C10021ABD4 /* GETFrameDataItem.cpp in Sources */,
			);
			runOnlyForDeploymentPostprocessing = 0;
		};
		03C2018819267C2900264702 /* Sources */ = {
			isa = PBXSourcesBuildPhase;
			buildActionMask = 2147483647;
			files = (
				03C201A81926896700264702 /* GETDataFile.cpp in Sources */,
				03C201AA1926896700264702 /* GETFrameDataItem.cpp in Sources */,
				03C201AC1926896700264702 /* EventFile.cpp in Sources */,
				037A3390192A5E8E006E2E84 /* DataFile.cpp in Sources */,
				0302EAF91932C1F6007F898D /* UserInterface.cpp in Sources */,
				03C201A61926835C00264702 /* GETFrameTests.cpp in Sources */,
				03C201AB1926896700264702 /* Event.cpp in Sources */,
				03C201A31926804000264702 /* Trace.cpp in Sources */,
				03C2018F19267C2900264702 /* main.cpp in Sources */,
				038AB1051927F08B009C1C38 /* FakeRawFrame.cpp in Sources */,
				03C201A91926896700264702 /* GETFrame.cpp in Sources */,
				03C201A71926896700264702 /* PadLookupTable.cpp in Sources */,
				03514B5B192D16B60077C431 /* EventTests.cpp in Sources */,
				03C201A119267D8A00264702 /* TraceTests.cpp in Sources */,
			);
			runOnlyForDeploymentPostprocessing = 0;
		};
		03DDF3921917FD1000306788 /* Sources */ = {
			isa = PBXSourcesBuildPhase;
			buildActionMask = 2147483647;
			files = (
				03AB40BB191D45900021ABD4 /* EventFile.cpp in Sources */,
				03AB40B3191D0D950021ABD4 /* GETDataFile.cpp in Sources */,
				03DDF3AE19195A5E00306788 /* Event.cpp in Sources */,
				03DDF3A41917FD9100306788 /* GETFrame.cpp in Sources */,
				03DDF3B41919621A00306788 /* PadLookupTable.cpp in Sources */,
				03DDF3A71918026900306788 /* GETFrameDataItem.cpp in Sources */,
				0302EAF81932C1F6007F898D /* UserInterface.cpp in Sources */,
				037A338F192A5E8E006E2E84 /* DataFile.cpp in Sources */,
				03DDF39A1917FD1000306788 /* main.cpp in Sources */,
				03DDF3B119195B6100306788 /* Trace.cpp in Sources */,
			);
			runOnlyForDeploymentPostprocessing = 0;
		};
/* End PBXSourcesBuildPhase section */

/* Begin PBXTargetDependency section */
		03AB40A8191C269F0021ABD4 /* PBXTargetDependency */ = {
			isa = PBXTargetDependency;
			target = 03DDF3951917FD1000306788 /* GETConsolidate */;
			targetProxy = 03AB40A7191C269F0021ABD4 /* PBXContainerItemProxy */;
		};
/* End PBXTargetDependency section */

/* Begin PBXVariantGroup section */
		03AB40A1191C269F0021ABD4 /* InfoPlist.strings */ = {
			isa = PBXVariantGroup;
			children = (
				03AB40A2191C269F0021ABD4 /* en */,
			);
			name = InfoPlist.strings;
			sourceTree = "<group>";
		};
/* End PBXVariantGroup section */

/* Begin XCBuildConfiguration section */
		03AB40AA191C269F0021ABD4 /* Debug */ = {
			isa = XCBuildConfiguration;
			buildSettings = {
				FRAMEWORK_SEARCH_PATHS = (
					"$(DEVELOPER_FRAMEWORKS_DIR)",
					"$(inherited)",
				);
				GCC_PRECOMPILE_PREFIX_HEADER = YES;
				GCC_PREFIX_HEADER = "GETConsolidate Tests/GETConsolidate Tests-Prefix.pch";
				GCC_PREPROCESSOR_DEFINITIONS = (
					"DEBUG=1",
					"$(inherited)",
				);
				HEADER_SEARCH_PATHS = (
					"$(inherited)",
					/Applications/Xcode.app/Contents/Developer/Toolchains/XcodeDefault.xctoolchain/usr/include,
					/usr/local/include,
				);
				INFOPLIST_FILE = "GETConsolidate Tests/GETConsolidate Tests-Info.plist";
				LIBRARY_SEARCH_PATHS = /usr/local/lib;
				PRODUCT_NAME = "$(TARGET_NAME)";
				WRAPPER_EXTENSION = xctest;
			};
			name = Debug;
		};
		03AB40AB191C269F0021ABD4 /* Release */ = {
			isa = XCBuildConfiguration;
			buildSettings = {
				FRAMEWORK_SEARCH_PATHS = (
					"$(DEVELOPER_FRAMEWORKS_DIR)",
					"$(inherited)",
				);
				GCC_PRECOMPILE_PREFIX_HEADER = YES;
				GCC_PREFIX_HEADER = "GETConsolidate Tests/GETConsolidate Tests-Prefix.pch";
				HEADER_SEARCH_PATHS = (
					"$(inherited)",
					/Applications/Xcode.app/Contents/Developer/Toolchains/XcodeDefault.xctoolchain/usr/include,
					/usr/local/include,
				);
				INFOPLIST_FILE = "GETConsolidate Tests/GETConsolidate Tests-Info.plist";
				LIBRARY_SEARCH_PATHS = /usr/local/lib;
				PRODUCT_NAME = "$(TARGET_NAME)";
				WRAPPER_EXTENSION = xctest;
			};
			name = Release;
		};
		03C2019319267C2900264702 /* Debug */ = {
			isa = XCBuildConfiguration;
			buildSettings = {
				GCC_PREPROCESSOR_DEFINITIONS = (
					"DEBUG=1",
					"$(inherited)",
				);
				HEADER_SEARCH_PATHS = (
					"$(inherited)",
					/Applications/Xcode.app/Contents/Developer/Toolchains/XcodeDefault.xctoolchain/usr/include,
					/usr/local/include,
				);
				LIBRARY_SEARCH_PATHS = /usr/local/lib;
				PRODUCT_NAME = "$(TARGET_NAME)";
			};
			name = Debug;
		};
		03C2019419267C2900264702 /* Release */ = {
			isa = XCBuildConfiguration;
			buildSettings = {
				HEADER_SEARCH_PATHS = (
					"$(inherited)",
					/Applications/Xcode.app/Contents/Developer/Toolchains/XcodeDefault.xctoolchain/usr/include,
					/usr/local/include,
				);
				LIBRARY_SEARCH_PATHS = /usr/local/lib;
				PRODUCT_NAME = "$(TARGET_NAME)";
			};
			name = Release;
		};
		03DDF39D1917FD1000306788 /* Debug */ = {
			isa = XCBuildConfiguration;
			buildSettings = {
				ALWAYS_SEARCH_USER_PATHS = NO;
				CLANG_CXX_LANGUAGE_STANDARD = "gnu++0x";
				CLANG_CXX_LIBRARY = "libc++";
				CLANG_ENABLE_MODULES = YES;
				CLANG_ENABLE_OBJC_ARC = YES;
				CLANG_WARN_BOOL_CONVERSION = YES;
				CLANG_WARN_CONSTANT_CONVERSION = YES;
				CLANG_WARN_DIRECT_OBJC_ISA_USAGE = YES_ERROR;
				CLANG_WARN_EMPTY_BODY = YES;
				CLANG_WARN_ENUM_CONVERSION = YES;
				CLANG_WARN_INT_CONVERSION = YES;
				CLANG_WARN_OBJC_ROOT_CLASS = YES_ERROR;
				CLANG_WARN__DUPLICATE_METHOD_MATCH = YES;
				COPY_PHASE_STRIP = NO;
				GCC_C_LANGUAGE_STANDARD = gnu99;
				GCC_DYNAMIC_NO_PIC = NO;
				GCC_ENABLE_OBJC_EXCEPTIONS = YES;
				GCC_OPTIMIZATION_LEVEL = 0;
				GCC_PREPROCESSOR_DEFINITIONS = (
					"DEBUG=1",
					"$(inherited)",
				);
				GCC_SYMBOLS_PRIVATE_EXTERN = NO;
				GCC_WARN_64_TO_32_BIT_CONVERSION = YES;
				GCC_WARN_ABOUT_RETURN_TYPE = YES_ERROR;
				GCC_WARN_UNDECLARED_SELECTOR = YES;
				GCC_WARN_UNINITIALIZED_AUTOS = YES_AGGRESSIVE;
				GCC_WARN_UNUSED_FUNCTION = YES;
				GCC_WARN_UNUSED_VARIABLE = YES;
				LIBRARY_SEARCH_PATHS = "";
				MACOSX_DEPLOYMENT_TARGET = 10.9;
				ONLY_ACTIVE_ARCH = YES;
				SDKROOT = macosx;
			};
			name = Debug;
		};
		03DDF39E1917FD1000306788 /* Release */ = {
			isa = XCBuildConfiguration;
			buildSettings = {
				ALWAYS_SEARCH_USER_PATHS = NO;
				CLANG_CXX_LANGUAGE_STANDARD = "gnu++0x";
				CLANG_CXX_LIBRARY = "libc++";
				CLANG_ENABLE_MODULES = YES;
				CLANG_ENABLE_OBJC_ARC = YES;
				CLANG_WARN_BOOL_CONVERSION = YES;
				CLANG_WARN_CONSTANT_CONVERSION = YES;
				CLANG_WARN_DIRECT_OBJC_ISA_USAGE = YES_ERROR;
				CLANG_WARN_EMPTY_BODY = YES;
				CLANG_WARN_ENUM_CONVERSION = YES;
				CLANG_WARN_INT_CONVERSION = YES;
				CLANG_WARN_OBJC_ROOT_CLASS = YES_ERROR;
				CLANG_WARN__DUPLICATE_METHOD_MATCH = YES;
				COPY_PHASE_STRIP = YES;
				DEBUG_INFORMATION_FORMAT = "dwarf-with-dsym";
				ENABLE_NS_ASSERTIONS = NO;
				GCC_C_LANGUAGE_STANDARD = gnu99;
				GCC_ENABLE_OBJC_EXCEPTIONS = YES;
				GCC_WARN_64_TO_32_BIT_CONVERSION = YES;
				GCC_WARN_ABOUT_RETURN_TYPE = YES_ERROR;
				GCC_WARN_UNDECLARED_SELECTOR = YES;
				GCC_WARN_UNINITIALIZED_AUTOS = YES_AGGRESSIVE;
				GCC_WARN_UNUSED_FUNCTION = YES;
				GCC_WARN_UNUSED_VARIABLE = YES;
				LIBRARY_SEARCH_PATHS = "";
				MACOSX_DEPLOYMENT_TARGET = 10.9;
				SDKROOT = macosx;
			};
			name = Release;
		};
		03DDF3A01917FD1000306788 /* Debug */ = {
			isa = XCBuildConfiguration;
			buildSettings = {
				ALWAYS_SEARCH_USER_PATHS = YES;
				ARCHS = "$(ARCHS_STANDARD_32_64_BIT)";
				HEADER_SEARCH_PATHS = (
					"$(inherited)",
					/Applications/Xcode.app/Contents/Developer/Toolchains/XcodeDefault.xctoolchain/usr/include,
					/usr/local/include,
				);
				LIBRARY_SEARCH_PATHS = /usr/local/lib;
				PRODUCT_NAME = "$(TARGET_NAME)";
			};
			name = Debug;
		};
		03DDF3A11917FD1000306788 /* Release */ = {
			isa = XCBuildConfiguration;
			buildSettings = {
				ALWAYS_SEARCH_USER_PATHS = YES;
				ARCHS = "$(ARCHS_STANDARD_32_64_BIT)";
				HEADER_SEARCH_PATHS = (
					"$(inherited)",
					/Applications/Xcode.app/Contents/Developer/Toolchains/XcodeDefault.xctoolchain/usr/include,
					/usr/local/include,
				);
				LIBRARY_SEARCH_PATHS = /usr/local/lib;
				PRODUCT_NAME = "$(TARGET_NAME)";
			};
			name = Release;
		};
/* End XCBuildConfiguration section */

/* Begin XCConfigurationList section */
		03AB40A9191C269F0021ABD4 /* Build configuration list for PBXNativeTarget "GETConsolidate Tests" */ = {
			isa = XCConfigurationList;
			buildConfigurations = (
				03AB40AA191C269F0021ABD4 /* Debug */,
				03AB40AB191C269F0021ABD4 /* Release */,
			);
			defaultConfigurationIsVisible = 0;
			defaultConfigurationName = Release;
		};
		03C2019219267C2900264702 /* Build configuration list for PBXNativeTarget "GetConsolidateTests" */ = {
			isa = XCConfigurationList;
			buildConfigurations = (
				03C2019319267C2900264702 /* Debug */,
				03C2019419267C2900264702 /* Release */,
			);
			defaultConfigurationIsVisible = 0;
			defaultConfigurationName = Release;
		};
		03DDF3911917FD0F00306788 /* Build configuration list for PBXProject "GETConsolidate" */ = {
			isa = XCConfigurationList;
			buildConfigurations = (
				03DDF39D1917FD1000306788 /* Debug */,
				03DDF39E1917FD1000306788 /* Release */,
			);
			defaultConfigurationIsVisible = 0;
			defaultConfigurationName = Release;
		};
		03DDF39F1917FD1000306788 /* Build configuration list for PBXNativeTarget "GETConsolidate" */ = {
			isa = XCConfigurationList;
			buildConfigurations = (
				03DDF3A01917FD1000306788 /* Debug */,
				03DDF3A11917FD1000306788 /* Release */,
			);
			defaultConfigurationIsVisible = 0;
			defaultConfigurationName = Release;
		};
/* End XCConfigurationList section */
	};
	rootObject = 03DDF38E1917FD0F00306788 /* Project object */;
}
