// !$*UTF8*$!
{
	archiveVersion = 1;
	classes = {
	};
	objectVersion = 46;
	objects = {

/* Begin PBXBuildFile section */
		0302EAF81932C1F6007F898D /* UserInterface.cpp in Sources */ = {isa = PBXBuildFile; fileRef = 0302EAF61932C1F6007F898D /* UserInterface.cpp */; };
		0302EAF91932C1F6007F898D /* UserInterface.cpp in Sources */ = {isa = PBXBuildFile; fileRef = 0302EAF61932C1F6007F898D /* UserInterface.cpp */; };
		034043B41A49E00A00339656 /* PadLookupTableTests.cpp in Sources */ = {isa = PBXBuildFile; fileRef = 034043B31A49E00A00339656 /* PadLookupTableTests.cpp */; };
		03514B5B192D16B60077C431 /* EventTests.cpp in Sources */ = {isa = PBXBuildFile; fileRef = 03514B59192D16B60077C431 /* EventTests.cpp */; };
		03517E0D192307A700F2C732 /* libboost_filesystem.a in Frameworks */ = {isa = PBXBuildFile; fileRef = 03517E0A192307A700F2C732 /* libboost_filesystem.a */; };
		03517E0F192307A700F2C732 /* libboost_program_options.a in Frameworks */ = {isa = PBXBuildFile; fileRef = 03517E0B192307A700F2C732 /* libboost_program_options.a */; };
		03517E11192307A700F2C732 /* libboost_system.a in Frameworks */ = {isa = PBXBuildFile; fileRef = 03517E0C192307A700F2C732 /* libboost_system.a */; };
		036F43341933F44C00D1F146 /* libboost_date_time.a in Frameworks */ = {isa = PBXBuildFile; fileRef = 036F43311933F44C00D1F146 /* libboost_date_time.a */; };
		036F43351933F44C00D1F146 /* libboost_log.a in Frameworks */ = {isa = PBXBuildFile; fileRef = 036F43321933F44C00D1F146 /* libboost_log.a */; };
		037A338F192A5E8E006E2E84 /* DataFile.cpp in Sources */ = {isa = PBXBuildFile; fileRef = 037A338D192A5E8E006E2E84 /* DataFile.cpp */; };
		037A3390192A5E8E006E2E84 /* DataFile.cpp in Sources */ = {isa = PBXBuildFile; fileRef = 037A338D192A5E8E006E2E84 /* DataFile.cpp */; };
		0386D4E11D25A24C00570A7D /* HDFDataStore.cpp in Sources */ = {isa = PBXBuildFile; fileRef = 0386D4E01D25A24C00570A7D /* HDFDataStore.cpp */; };
		0386D4E71D25A29900570A7D /* libarmadillo.6.20.4.dylib in Frameworks */ = {isa = PBXBuildFile; fileRef = 0386D4E61D25A29900570A7D /* libarmadillo.6.20.4.dylib */; };
		0386D4E91D25A2BB00570A7D /* libhdf5_cpp.a in Frameworks */ = {isa = PBXBuildFile; fileRef = 0386D4E81D25A2BB00570A7D /* libhdf5_cpp.a */; };
		0386D4ED1D25A40800570A7D /* libhdf5_hl_cpp.a in Frameworks */ = {isa = PBXBuildFile; fileRef = 0386D4EA1D25A40800570A7D /* libhdf5_hl_cpp.a */; };
		0386D4EE1D25A40800570A7D /* libhdf5_hl.a in Frameworks */ = {isa = PBXBuildFile; fileRef = 0386D4EB1D25A40800570A7D /* libhdf5_hl.a */; };
		0386D4EF1D25A40800570A7D /* libhdf5.a in Frameworks */ = {isa = PBXBuildFile; fileRef = 0386D4EC1D25A40800570A7D /* libhdf5.a */; };
		038AB1051927F08B009C1C38 /* FakeRawFrame.cpp in Sources */ = {isa = PBXBuildFile; fileRef = 038AB1031927F08B009C1C38 /* FakeRawFrame.cpp */; };
		03AB40B3191D0D950021ABD4 /* GRAWFile.cpp in Sources */ = {isa = PBXBuildFile; fileRef = 03AB40B1191D0D950021ABD4 /* GRAWFile.cpp */; };
		03C2018F19267C2900264702 /* main.cpp in Sources */ = {isa = PBXBuildFile; fileRef = 03C2018E19267C2900264702 /* main.cpp */; };
		03C201A119267D8A00264702 /* TraceTests.cpp in Sources */ = {isa = PBXBuildFile; fileRef = 03C2019F19267D8A00264702 /* TraceTests.cpp */; };
		03C201A61926835C00264702 /* GRAWFrameTests.cpp in Sources */ = {isa = PBXBuildFile; fileRef = 03C201A41926835C00264702 /* GRAWFrameTests.cpp */; };
		03C201A81926896700264702 /* GRAWFile.cpp in Sources */ = {isa = PBXBuildFile; fileRef = 03AB40B1191D0D950021ABD4 /* GRAWFile.cpp */; };
		03C201A91926896700264702 /* GRAWFrame.cpp in Sources */ = {isa = PBXBuildFile; fileRef = 03DDF3A21917FD9100306788 /* GRAWFrame.cpp */; };
		03C201AB1926896700264702 /* Event.cpp in Sources */ = {isa = PBXBuildFile; fileRef = 03DDF3AC19195A5E00306788 /* Event.cpp */; };
		03C201AD19268A0500264702 /* libboost_filesystem.a in Frameworks */ = {isa = PBXBuildFile; fileRef = 03517E0A192307A700F2C732 /* libboost_filesystem.a */; };
		03C201AE19268A0500264702 /* libboost_program_options.a in Frameworks */ = {isa = PBXBuildFile; fileRef = 03517E0B192307A700F2C732 /* libboost_program_options.a */; };
		03C201AF19268A0500264702 /* libboost_system.a in Frameworks */ = {isa = PBXBuildFile; fileRef = 03517E0C192307A700F2C732 /* libboost_system.a */; };
		03C201B3192694E000264702 /* MockData in CopyFiles */ = {isa = PBXBuildFile; fileRef = 03C201B11926942F00264702 /* MockData */; };
		03C201B51926A6E700264702 /* libgmock.a in Frameworks */ = {isa = PBXBuildFile; fileRef = 03C201B41926A6E700264702 /* libgmock.a */; };
		03C628151A51A0AA002931FA /* LookupTable.cpp in Sources */ = {isa = PBXBuildFile; fileRef = 03F020601A4F2BA50017186A /* LookupTable.cpp */; };
		03C628161A51A0B4002931FA /* PadLookupTable.cpp in Sources */ = {isa = PBXBuildFile; fileRef = 03F020621A4F32B70017186A /* PadLookupTable.cpp */; };
		03DDF39A1917FD1000306788 /* main.cpp in Sources */ = {isa = PBXBuildFile; fileRef = 03DDF3991917FD1000306788 /* main.cpp */; };
		03DDF3A41917FD9100306788 /* GRAWFrame.cpp in Sources */ = {isa = PBXBuildFile; fileRef = 03DDF3A21917FD9100306788 /* GRAWFrame.cpp */; };
		03DDF3AE19195A5E00306788 /* Event.cpp in Sources */ = {isa = PBXBuildFile; fileRef = 03DDF3AC19195A5E00306788 /* Event.cpp */; };
		03F020611A4F2BA50017186A /* LookupTable.cpp in Sources */ = {isa = PBXBuildFile; fileRef = 03F020601A4F2BA50017186A /* LookupTable.cpp */; };
		03F020631A4F32B70017186A /* PadLookupTable.cpp in Sources */ = {isa = PBXBuildFile; fileRef = 03F020621A4F32B70017186A /* PadLookupTable.cpp */; };
		03F4B82819CC8690002CA2FE /* Merger.cpp in Sources */ = {isa = PBXBuildFile; fileRef = 03F4B82619CC8690002CA2FE /* Merger.cpp */; };
/* End PBXBuildFile section */

/* Begin PBXCopyFilesBuildPhase section */
		03C2018A19267C2900264702 /* CopyFiles */ = {
			isa = PBXCopyFilesBuildPhase;
			buildActionMask = 12;
			dstPath = "";
			dstSubfolderSpec = 16;
			files = (
				03C201B3192694E000264702 /* MockData in CopyFiles */,
			);
			runOnlyForDeploymentPostprocessing = 0;
		};
/* End PBXCopyFilesBuildPhase section */

/* Begin PBXFileReference section */
		0302EAF61932C1F6007F898D /* UserInterface.cpp */ = {isa = PBXFileReference; fileEncoding = 4; lastKnownFileType = sourcecode.cpp.cpp; path = UserInterface.cpp; sourceTree = "<group>"; };
		0302EAF71932C1F6007F898D /* UserInterface.h */ = {isa = PBXFileReference; fileEncoding = 4; lastKnownFileType = sourcecode.c.h; lineEnding = 0; path = UserInterface.h; sourceTree = "<group>"; xcLanguageSpecificationIdentifier = xcode.lang.objcpp; };
		03250BC5192FED5F00FBA1FB /* datafile.rst */ = {isa = PBXFileReference; fileEncoding = 4; lastKnownFileType = text; path = datafile.rst; sourceTree = "<group>"; };
		034043B31A49E00A00339656 /* PadLookupTableTests.cpp */ = {isa = PBXFileReference; fileEncoding = 4; lastKnownFileType = sourcecode.cpp.cpp; path = PadLookupTableTests.cpp; sourceTree = "<group>"; };
		034043B51A49E0A100339656 /* MockLookup.csv */ = {isa = PBXFileReference; lastKnownFileType = text; lineEnding = 1; name = MockLookup.csv; path = "get-manip-tests/MockData/MockLookup.csv"; sourceTree = "<group>"; };
		03514A06192CEEAB0077C431 /* Doxyfile */ = {isa = PBXFileReference; lastKnownFileType = text; lineEnding = 0; path = Doxyfile; sourceTree = "<group>"; };
		03514B1E192CEEAB0077C431 /* Makefile */ = {isa = PBXFileReference; lastKnownFileType = sourcecode.make; path = Makefile; sourceTree = "<group>"; };
		03514B22192CEEAB0077C431 /* layout.html */ = {isa = PBXFileReference; lastKnownFileType = text.html; path = layout.html; sourceTree = "<group>"; };
		03514B23192CEEAB0077C431 /* NEWS.txt */ = {isa = PBXFileReference; lastKnownFileType = text; path = NEWS.txt; sourceTree = "<group>"; };
		03514B24192CEEAB0077C431 /* README.rst */ = {isa = PBXFileReference; lastKnownFileType = text; path = README.rst; sourceTree = "<group>"; };
		03514B26192CEEAB0077C431 /* solar.css */ = {isa = PBXFileReference; lastKnownFileType = text.css; path = solar.css; sourceTree = "<group>"; };
		03514B27192CEEAB0077C431 /* solarized-dark.css */ = {isa = PBXFileReference; lastKnownFileType = text.css; path = "solarized-dark.css"; sourceTree = "<group>"; };
		03514B28192CEEAB0077C431 /* subtle_dots.png */ = {isa = PBXFileReference; lastKnownFileType = image.png; path = subtle_dots.png; sourceTree = "<group>"; };
		03514B29192CEEAB0077C431 /* theme.conf */ = {isa = PBXFileReference; lastKnownFileType = text; path = theme.conf; sourceTree = "<group>"; };
		03514B2B192CEEAB0077C431 /* __init__.py */ = {isa = PBXFileReference; lastKnownFileType = text.script.python; path = __init__.py; sourceTree = "<group>"; };
		03514B2C192CEEAB0077C431 /* breadcrumbs.html */ = {isa = PBXFileReference; lastKnownFileType = text.html; path = breadcrumbs.html; sourceTree = "<group>"; };
		03514B2D192CEEAB0077C431 /* footer.html */ = {isa = PBXFileReference; lastKnownFileType = text.html; path = footer.html; sourceTree = "<group>"; };
		03514B2E192CEEAB0077C431 /* layout.html */ = {isa = PBXFileReference; lastKnownFileType = text.html; path = layout.html; sourceTree = "<group>"; };
		03514B2F192CEEAB0077C431 /* layout_old.html */ = {isa = PBXFileReference; lastKnownFileType = text.html; path = layout_old.html; sourceTree = "<group>"; };
		03514B30192CEEAB0077C431 /* search.html */ = {isa = PBXFileReference; lastKnownFileType = text.html; path = search.html; sourceTree = "<group>"; };
		03514B31192CEEAB0077C431 /* searchbox.html */ = {isa = PBXFileReference; lastKnownFileType = text.html; path = searchbox.html; sourceTree = "<group>"; };
		03514B34192CEEAB0077C431 /* badge_only.css */ = {isa = PBXFileReference; lastKnownFileType = text.css; path = badge_only.css; sourceTree = "<group>"; };
		03514B35192CEEAB0077C431 /* theme.css */ = {isa = PBXFileReference; lastKnownFileType = text.css; path = theme.css; sourceTree = "<group>"; };
		03514B37192CEEAB0077C431 /* fontawesome-webfont.eot */ = {isa = PBXFileReference; lastKnownFileType = file; path = "fontawesome-webfont.eot"; sourceTree = "<group>"; };
		03514B38192CEEAB0077C431 /* fontawesome-webfont.svg */ = {isa = PBXFileReference; lastKnownFileType = text.xml; path = "fontawesome-webfont.svg"; sourceTree = "<group>"; };
		03514B39192CEEAB0077C431 /* fontawesome-webfont.ttf */ = {isa = PBXFileReference; lastKnownFileType = file; path = "fontawesome-webfont.ttf"; sourceTree = "<group>"; };
		03514B3A192CEEAB0077C431 /* fontawesome-webfont.woff */ = {isa = PBXFileReference; lastKnownFileType = file; path = "fontawesome-webfont.woff"; sourceTree = "<group>"; };
		03514B3B192CEEAB0077C431 /* FontAwesome.otf */ = {isa = PBXFileReference; lastKnownFileType = file; path = FontAwesome.otf; sourceTree = "<group>"; };
		03514B3D192CEEAB0077C431 /* theme.js */ = {isa = PBXFileReference; lastKnownFileType = sourcecode.javascript; path = theme.js; sourceTree = "<group>"; };
		03514B3E192CEEAB0077C431 /* theme.conf */ = {isa = PBXFileReference; lastKnownFileType = text; path = theme.conf; sourceTree = "<group>"; };
		03514B3F192CEEAB0077C431 /* versions.html */ = {isa = PBXFileReference; lastKnownFileType = text.html; path = versions.html; sourceTree = "<group>"; };
		03514B40192CEEAB0077C431 /* classes.rst */ = {isa = PBXFileReference; lastKnownFileType = text; path = classes.rst; sourceTree = "<group>"; };
		03514B41192CEEAB0077C431 /* conf.py */ = {isa = PBXFileReference; lastKnownFileType = text.script.python; lineEnding = 0; path = conf.py; sourceTree = "<group>"; xcLanguageSpecificationIdentifier = xcode.lang.python; };
		03514B42192CEEAB0077C431 /* event_file.rst */ = {isa = PBXFileReference; lastKnownFileType = text; path = event_file.rst; sourceTree = "<group>"; };
		03514B43192CEEAB0077C431 /* exceptions.rst */ = {isa = PBXFileReference; lastKnownFileType = text; lineEnding = 0; path = exceptions.rst; sourceTree = "<group>"; };
		03514B44192CEEAB0077C431 /* formats.rst */ = {isa = PBXFileReference; lastKnownFileType = text; path = formats.rst; sourceTree = "<group>"; };
		03514B45192CEEAB0077C431 /* GRAWFile.rst */ = {isa = PBXFileReference; lastKnownFileType = text; path = GRAWFile.rst; sourceTree = "<group>"; };
		03514B46192CEEAB0077C431 /* GRAWFrame.rst */ = {isa = PBXFileReference; lastKnownFileType = text; path = GRAWFrame.rst; sourceTree = "<group>"; };
		03514B47192CEEAB0077C431 /* GRAW.rst */ = {isa = PBXFileReference; lastKnownFileType = text; path = GRAW.rst; sourceTree = "<group>"; };
		03514B48192CEEAB0077C431 /* index.rst */ = {isa = PBXFileReference; lastKnownFileType = text; path = index.rst; sourceTree = "<group>"; };
		03514B4A192CEEAB0077C431 /* trace.rst */ = {isa = PBXFileReference; lastKnownFileType = text; path = trace.rst; sourceTree = "<group>"; };
		03514B4D192CF51B0077C431 /* padlookuptable.rst */ = {isa = PBXFileReference; fileEncoding = 4; lastKnownFileType = text; path = padlookuptable.rst; sourceTree = "<group>"; };
		03514B58192D11240077C431 /* event.rst */ = {isa = PBXFileReference; fileEncoding = 4; lastKnownFileType = text; path = event.rst; sourceTree = "<group>"; };
		03514B59192D16B60077C431 /* EventTests.cpp */ = {isa = PBXFileReference; fileEncoding = 4; lastKnownFileType = sourcecode.cpp.cpp; lineEnding = 0; path = EventTests.cpp; sourceTree = "<group>"; xcLanguageSpecificationIdentifier = xcode.lang.cpp; };
		03517E0A192307A700F2C732 /* libboost_filesystem.a */ = {isa = PBXFileReference; lastKnownFileType = archive.ar; name = libboost_filesystem.a; path = /usr/local/lib/libboost_filesystem.a; sourceTree = "<absolute>"; };
		03517E0B192307A700F2C732 /* libboost_program_options.a */ = {isa = PBXFileReference; lastKnownFileType = archive.ar; name = libboost_program_options.a; path = /usr/local/lib/libboost_program_options.a; sourceTree = "<absolute>"; };
		03517E0C192307A700F2C732 /* libboost_system.a */ = {isa = PBXFileReference; lastKnownFileType = archive.ar; name = libboost_system.a; path = /usr/local/lib/libboost_system.a; sourceTree = "<absolute>"; };
		036F43301933F18200D1F146 /* event_file_class.rst */ = {isa = PBXFileReference; lastKnownFileType = text; path = event_file_class.rst; sourceTree = "<group>"; };
		036F43311933F44C00D1F146 /* libboost_date_time.a */ = {isa = PBXFileReference; lastKnownFileType = archive.ar; name = libboost_date_time.a; path = /usr/local/lib/libboost_date_time.a; sourceTree = "<absolute>"; };
		036F43321933F44C00D1F146 /* libboost_log.a */ = {isa = PBXFileReference; lastKnownFileType = archive.ar; name = libboost_log.a; path = /usr/local/lib/libboost_log.a; sourceTree = "<absolute>"; };
		037A338D192A5E8E006E2E84 /* DataFile.cpp */ = {isa = PBXFileReference; fileEncoding = 4; lastKnownFileType = sourcecode.cpp.cpp; lineEnding = 0; path = DataFile.cpp; sourceTree = "<group>"; xcLanguageSpecificationIdentifier = xcode.lang.cpp; };
		037A338E192A5E8E006E2E84 /* DataFile.h */ = {isa = PBXFileReference; fileEncoding = 4; lastKnownFileType = sourcecode.c.h; lineEnding = 0; path = DataFile.h; sourceTree = "<group>"; xcLanguageSpecificationIdentifier = xcode.lang.objcpp; };
		0386D4E01D25A24C00570A7D /* HDFDataStore.cpp */ = {isa = PBXFileReference; fileEncoding = 4; lastKnownFileType = sourcecode.cpp.cpp; name = HDFDataStore.cpp; path = src/HDFDataStore.cpp; sourceTree = SOURCE_ROOT; };
		0386D4E21D25A25800570A7D /* HardwareAddress.h */ = {isa = PBXFileReference; fileEncoding = 4; lastKnownFileType = sourcecode.c.h; name = HardwareAddress.h; path = include/HardwareAddress.h; sourceTree = SOURCE_ROOT; };
		0386D4E31D25A25800570A7D /* HDFDataStore.h */ = {isa = PBXFileReference; fileEncoding = 4; lastKnownFileType = sourcecode.c.h; name = HDFDataStore.h; path = include/HDFDataStore.h; sourceTree = SOURCE_ROOT; };
		0386D4E41D25A25800570A7D /* RawFrame.h */ = {isa = PBXFileReference; fileEncoding = 4; lastKnownFileType = sourcecode.c.h; name = RawFrame.h; path = include/RawFrame.h; sourceTree = SOURCE_ROOT; };
		0386D4E51D25A25800570A7D /* SyncQueue.h */ = {isa = PBXFileReference; fileEncoding = 4; lastKnownFileType = sourcecode.c.h; name = SyncQueue.h; path = include/SyncQueue.h; sourceTree = SOURCE_ROOT; };
		0386D4E61D25A29900570A7D /* libarmadillo.6.20.4.dylib */ = {isa = PBXFileReference; lastKnownFileType = "compiled.mach-o.dylib"; name = libarmadillo.6.20.4.dylib; path = ../../../../../usr/local/lib/libarmadillo.6.20.4.dylib; sourceTree = "<group>"; };
		0386D4E81D25A2BB00570A7D /* libhdf5_cpp.a */ = {isa = PBXFileReference; lastKnownFileType = archive.ar; name = libhdf5_cpp.a; path = ../../../../../usr/local/hdf5/lib/libhdf5_cpp.a; sourceTree = "<group>"; };
		0386D4EA1D25A40800570A7D /* libhdf5_hl_cpp.a */ = {isa = PBXFileReference; lastKnownFileType = archive.ar; name = libhdf5_hl_cpp.a; path = ../../../../../usr/local/hdf5/lib/libhdf5_hl_cpp.a; sourceTree = "<group>"; };
		0386D4EB1D25A40800570A7D /* libhdf5_hl.a */ = {isa = PBXFileReference; lastKnownFileType = archive.ar; name = libhdf5_hl.a; path = ../../../../../usr/local/hdf5/lib/libhdf5_hl.a; sourceTree = "<group>"; };
		0386D4EC1D25A40800570A7D /* libhdf5.a */ = {isa = PBXFileReference; lastKnownFileType = archive.ar; name = libhdf5.a; path = ../../../../../usr/local/hdf5/lib/libhdf5.a; sourceTree = "<group>"; };
		038AB1031927F08B009C1C38 /* FakeRawFrame.cpp */ = {isa = PBXFileReference; fileEncoding = 4; lastKnownFileType = sourcecode.cpp.cpp; lineEnding = 0; path = FakeRawFrame.cpp; sourceTree = "<group>"; xcLanguageSpecificationIdentifier = xcode.lang.cpp; };
		038AB1041927F08B009C1C38 /* FakeRawFrame.h */ = {isa = PBXFileReference; fileEncoding = 4; lastKnownFileType = sourcecode.c.h; lineEnding = 0; path = FakeRawFrame.h; sourceTree = "<group>"; xcLanguageSpecificationIdentifier = xcode.lang.objcpp; };
		039056CC192552AE00214C6C /* Utilities.h */ = {isa = PBXFileReference; lastKnownFileType = sourcecode.c.h; path = Utilities.h; sourceTree = "<group>"; };
		0398C5561937846F0027B8FE /* usage.rst */ = {isa = PBXFileReference; fileEncoding = 4; lastKnownFileType = text; path = usage.rst; sourceTree = "<group>"; };
		03AB40B1191D0D950021ABD4 /* GRAWFile.cpp */ = {isa = PBXFileReference; fileEncoding = 4; lastKnownFileType = sourcecode.cpp.cpp; path = GRAWFile.cpp; sourceTree = "<group>"; };
		03AB40B2191D0D950021ABD4 /* GRAWFile.h */ = {isa = PBXFileReference; fileEncoding = 4; lastKnownFileType = sourcecode.c.h; lineEnding = 0; path = GRAWFile.h; sourceTree = "<group>"; xcLanguageSpecificationIdentifier = xcode.lang.objcpp; };
		03AB40C0191D546C0021ABD4 /* GMExceptions.h */ = {isa = PBXFileReference; fileEncoding = 4; lastKnownFileType = sourcecode.c.h; lineEnding = 0; path = GMExceptions.h; sourceTree = "<group>"; xcLanguageSpecificationIdentifier = xcode.lang.objcpp; };
		03C2018C19267C2900264702 /* get-manip-tests */ = {isa = PBXFileReference; explicitFileType = "compiled.mach-o.executable"; includeInIndex = 0; path = "get-manip-tests"; sourceTree = BUILT_PRODUCTS_DIR; };
		03C2018E19267C2900264702 /* main.cpp */ = {isa = PBXFileReference; lastKnownFileType = sourcecode.cpp.cpp; path = main.cpp; sourceTree = "<group>"; };
		03C2019F19267D8A00264702 /* TraceTests.cpp */ = {isa = PBXFileReference; fileEncoding = 4; lastKnownFileType = sourcecode.cpp.cpp; path = TraceTests.cpp; sourceTree = "<group>"; };
		03C201A41926835C00264702 /* GRAWFrameTests.cpp */ = {isa = PBXFileReference; fileEncoding = 4; lastKnownFileType = sourcecode.cpp.cpp; path = GRAWFrameTests.cpp; sourceTree = "<group>"; };
		03C201B019268E7E00264702 /* MockGRAWFile.h */ = {isa = PBXFileReference; lastKnownFileType = sourcecode.c.h; path = MockGRAWFile.h; sourceTree = "<group>"; };
		03C201B11926942F00264702 /* MockData */ = {isa = PBXFileReference; lastKnownFileType = folder; path = MockData; sourceTree = "<group>"; };
		03C201B41926A6E700264702 /* libgmock.a */ = {isa = PBXFileReference; lastKnownFileType = archive.ar; name = libgmock.a; path = /usr/local/lib/libgmock.a; sourceTree = "<absolute>"; };
		03DDF3961917FD1000306788 /* get-manip */ = {isa = PBXFileReference; explicitFileType = "compiled.mach-o.executable"; includeInIndex = 0; path = "get-manip"; sourceTree = BUILT_PRODUCTS_DIR; };
		03DDF3991917FD1000306788 /* main.cpp */ = {isa = PBXFileReference; lastKnownFileType = sourcecode.cpp.cpp; path = main.cpp; sourceTree = "<group>"; };
		03DDF3A21917FD9100306788 /* GRAWFrame.cpp */ = {isa = PBXFileReference; fileEncoding = 4; lastKnownFileType = sourcecode.cpp.cpp; path = GRAWFrame.cpp; sourceTree = "<group>"; };
		03DDF3A31917FD9100306788 /* GRAWFrame.h */ = {isa = PBXFileReference; fileEncoding = 4; lastKnownFileType = sourcecode.c.h; lineEnding = 0; path = GRAWFrame.h; sourceTree = "<group>"; xcLanguageSpecificationIdentifier = xcode.lang.objcpp; };
		03DDF3A61918026900306788 /* GRAWDataItem.h */ = {isa = PBXFileReference; fileEncoding = 4; lastKnownFileType = sourcecode.c.h; lineEnding = 0; path = GRAWDataItem.h; sourceTree = "<group>"; xcLanguageSpecificationIdentifier = xcode.lang.objcpp; };
		03DDF3AC19195A5E00306788 /* Event.cpp */ = {isa = PBXFileReference; fileEncoding = 4; lastKnownFileType = sourcecode.cpp.cpp; lineEnding = 0; path = Event.cpp; sourceTree = "<group>"; xcLanguageSpecificationIdentifier = xcode.lang.cpp; };
		03DDF3AD19195A5E00306788 /* Event.h */ = {isa = PBXFileReference; fileEncoding = 4; lastKnownFileType = sourcecode.c.h; lineEnding = 0; path = Event.h; sourceTree = "<group>"; xcLanguageSpecificationIdentifier = xcode.lang.objcpp; };
		03DDF3B31919621A00306788 /* PadLookupTable.h */ = {isa = PBXFileReference; fileEncoding = 4; lastKnownFileType = sourcecode.c.h; lineEnding = 0; path = PadLookupTable.h; sourceTree = "<group>"; xcLanguageSpecificationIdentifier = xcode.lang.objcpp; };
		03E5AF031A50B93600F8C581 /* Constants.h */ = {isa = PBXFileReference; lastKnownFileType = sourcecode.c.h; path = Constants.h; sourceTree = "<group>"; };
		03F0205F1A4F2B7E0017186A /* LookupTable.h */ = {isa = PBXFileReference; fileEncoding = 4; lastKnownFileType = sourcecode.c.h; path = LookupTable.h; sourceTree = "<group>"; };
		03F020601A4F2BA50017186A /* LookupTable.cpp */ = {isa = PBXFileReference; fileEncoding = 4; lastKnownFileType = sourcecode.cpp.cpp; path = LookupTable.cpp; sourceTree = "<group>"; };
		03F020621A4F32B70017186A /* PadLookupTable.cpp */ = {isa = PBXFileReference; fileEncoding = 4; lastKnownFileType = sourcecode.cpp.cpp; path = PadLookupTable.cpp; sourceTree = "<group>"; };
		03F4B82619CC8690002CA2FE /* Merger.cpp */ = {isa = PBXFileReference; fileEncoding = 4; lastKnownFileType = sourcecode.cpp.cpp; path = Merger.cpp; sourceTree = "<group>"; };
		03F4B82719CC8690002CA2FE /* Merger.h */ = {isa = PBXFileReference; fileEncoding = 4; lastKnownFileType = sourcecode.c.h; path = Merger.h; sourceTree = "<group>"; };
		03F9CBCC1A534922001A83A0 /* get-manip.1 */ = {isa = PBXFileReference; lastKnownFileType = text.man; name = "get-manip.1"; path = "build/man/get-manip.1"; sourceTree = "<group>"; };
		03F9CBD11A5360A7001A83A0 /* distribution.xml */ = {isa = PBXFileReference; lastKnownFileType = text.xml; path = distribution.xml; sourceTree = "<group>"; };
		03F9CBD21A5360DE001A83A0 /* version */ = {isa = PBXFileReference; fileEncoding = 4; lastKnownFileType = text; path = version; sourceTree = "<group>"; };
		03F9CBD31A5360FD001A83A0 /* pkg_build.sh */ = {isa = PBXFileReference; lastKnownFileType = text.script.sh; path = pkg_build.sh; sourceTree = "<group>"; };
/* End PBXFileReference section */

/* Begin PBXFrameworksBuildPhase section */
		03C2018919267C2900264702 /* Frameworks */ = {
			isa = PBXFrameworksBuildPhase;
			buildActionMask = 2147483647;
			files = (
				03C201AD19268A0500264702 /* libboost_filesystem.a in Frameworks */,
				03C201B51926A6E700264702 /* libgmock.a in Frameworks */,
				03C201AE19268A0500264702 /* libboost_program_options.a in Frameworks */,
				03C201AF19268A0500264702 /* libboost_system.a in Frameworks */,
			);
			runOnlyForDeploymentPostprocessing = 0;
		};
		03DDF3931917FD1000306788 /* Frameworks */ = {
			isa = PBXFrameworksBuildPhase;
			buildActionMask = 2147483647;
			files = (
				0386D4E91D25A2BB00570A7D /* libhdf5_cpp.a in Frameworks */,
				036F43351933F44C00D1F146 /* libboost_log.a in Frameworks */,
				0386D4ED1D25A40800570A7D /* libhdf5_hl_cpp.a in Frameworks */,
				0386D4E71D25A29900570A7D /* libarmadillo.6.20.4.dylib in Frameworks */,
				036F43341933F44C00D1F146 /* libboost_date_time.a in Frameworks */,
				03517E11192307A700F2C732 /* libboost_system.a in Frameworks */,
				0386D4EF1D25A40800570A7D /* libhdf5.a in Frameworks */,
				03517E0F192307A700F2C732 /* libboost_program_options.a in Frameworks */,
				03517E0D192307A700F2C732 /* libboost_filesystem.a in Frameworks */,
				0386D4EE1D25A40800570A7D /* libhdf5_hl.a in Frameworks */,
			);
			runOnlyForDeploymentPostprocessing = 0;
		};
/* End PBXFrameworksBuildPhase section */

/* Begin PBXGroup section */
		035149B2192CEEAB0077C431 /* docs */ = {
			isa = PBXGroup;
			children = (
				03F9CBCC1A534922001A83A0 /* get-manip.1 */,
				03514A06192CEEAB0077C431 /* Doxyfile */,
				03514B1E192CEEAB0077C431 /* Makefile */,
				03514B1F192CEEAB0077C431 /* source */,
			);
			path = docs;
			sourceTree = SOURCE_ROOT;
		};
		03514B1F192CEEAB0077C431 /* source */ = {
			isa = PBXGroup;
			children = (
				03514B20192CEEAB0077C431 /* _themes */,
				03514B40192CEEAB0077C431 /* classes.rst */,
				03514B41192CEEAB0077C431 /* conf.py */,
				03514B42192CEEAB0077C431 /* event_file.rst */,
				03514B43192CEEAB0077C431 /* exceptions.rst */,
				03514B44192CEEAB0077C431 /* formats.rst */,
				03514B45192CEEAB0077C431 /* GRAWFile.rst */,
				03514B46192CEEAB0077C431 /* GRAWFrame.rst */,
				03514B47192CEEAB0077C431 /* GRAW.rst */,
				03514B48192CEEAB0077C431 /* index.rst */,
				03514B4A192CEEAB0077C431 /* trace.rst */,
				03514B4D192CF51B0077C431 /* padlookuptable.rst */,
				03514B58192D11240077C431 /* event.rst */,
				03250BC5192FED5F00FBA1FB /* datafile.rst */,
				036F43301933F18200D1F146 /* event_file_class.rst */,
				0398C5561937846F0027B8FE /* usage.rst */,
			);
			path = source;
			sourceTree = "<group>";
		};
		03514B20192CEEAB0077C431 /* _themes */ = {
			isa = PBXGroup;
			children = (
				03514B21192CEEAB0077C431 /* solar */,
				03514B2A192CEEAB0077C431 /* sphinx_rtd_theme */,
			);
			path = _themes;
			sourceTree = "<group>";
		};
		03514B21192CEEAB0077C431 /* solar */ = {
			isa = PBXGroup;
			children = (
				03514B22192CEEAB0077C431 /* layout.html */,
				03514B23192CEEAB0077C431 /* NEWS.txt */,
				03514B24192CEEAB0077C431 /* README.rst */,
				03514B25192CEEAB0077C431 /* static */,
				03514B29192CEEAB0077C431 /* theme.conf */,
			);
			path = solar;
			sourceTree = "<group>";
		};
		03514B25192CEEAB0077C431 /* static */ = {
			isa = PBXGroup;
			children = (
				03514B26192CEEAB0077C431 /* solar.css */,
				03514B27192CEEAB0077C431 /* solarized-dark.css */,
				03514B28192CEEAB0077C431 /* subtle_dots.png */,
			);
			path = static;
			sourceTree = "<group>";
		};
		03514B2A192CEEAB0077C431 /* sphinx_rtd_theme */ = {
			isa = PBXGroup;
			children = (
				03514B2B192CEEAB0077C431 /* __init__.py */,
				03514B2C192CEEAB0077C431 /* breadcrumbs.html */,
				03514B2D192CEEAB0077C431 /* footer.html */,
				03514B2E192CEEAB0077C431 /* layout.html */,
				03514B2F192CEEAB0077C431 /* layout_old.html */,
				03514B30192CEEAB0077C431 /* search.html */,
				03514B31192CEEAB0077C431 /* searchbox.html */,
				03514B32192CEEAB0077C431 /* static */,
				03514B3E192CEEAB0077C431 /* theme.conf */,
				03514B3F192CEEAB0077C431 /* versions.html */,
			);
			path = sphinx_rtd_theme;
			sourceTree = "<group>";
		};
		03514B32192CEEAB0077C431 /* static */ = {
			isa = PBXGroup;
			children = (
				03514B33192CEEAB0077C431 /* css */,
				03514B36192CEEAB0077C431 /* fonts */,
				03514B3C192CEEAB0077C431 /* js */,
			);
			path = static;
			sourceTree = "<group>";
		};
		03514B33192CEEAB0077C431 /* css */ = {
			isa = PBXGroup;
			children = (
				03514B34192CEEAB0077C431 /* badge_only.css */,
				03514B35192CEEAB0077C431 /* theme.css */,
			);
			path = css;
			sourceTree = "<group>";
		};
		03514B36192CEEAB0077C431 /* fonts */ = {
			isa = PBXGroup;
			children = (
				03514B37192CEEAB0077C431 /* fontawesome-webfont.eot */,
				03514B38192CEEAB0077C431 /* fontawesome-webfont.svg */,
				03514B39192CEEAB0077C431 /* fontawesome-webfont.ttf */,
				03514B3A192CEEAB0077C431 /* fontawesome-webfont.woff */,
				03514B3B192CEEAB0077C431 /* FontAwesome.otf */,
			);
			path = fonts;
			sourceTree = "<group>";
		};
		03514B3C192CEEAB0077C431 /* js */ = {
			isa = PBXGroup;
			children = (
				03514B3D192CEEAB0077C431 /* theme.js */,
			);
			path = js;
			sourceTree = "<group>";
		};
		03AB409B191C269F0021ABD4 /* Frameworks */ = {
			isa = PBXGroup;
			children = (
				0386D4EA1D25A40800570A7D /* libhdf5_hl_cpp.a */,
				0386D4EB1D25A40800570A7D /* libhdf5_hl.a */,
				0386D4EC1D25A40800570A7D /* libhdf5.a */,
				0386D4E81D25A2BB00570A7D /* libhdf5_cpp.a */,
				0386D4E61D25A29900570A7D /* libarmadillo.6.20.4.dylib */,
				03517E0A192307A700F2C732 /* libboost_filesystem.a */,
				036F43311933F44C00D1F146 /* libboost_date_time.a */,
				036F43321933F44C00D1F146 /* libboost_log.a */,
				03517E0B192307A700F2C732 /* libboost_program_options.a */,
				03517E0C192307A700F2C732 /* libboost_system.a */,
			);
			name = Frameworks;
			sourceTree = "<group>";
		};
		03AB40BD191D45A90021ABD4 /* Headers */ = {
			isa = PBXGroup;
			children = (
				0386D4E21D25A25800570A7D /* HardwareAddress.h */,
				0386D4E31D25A25800570A7D /* HDFDataStore.h */,
				0386D4E41D25A25800570A7D /* RawFrame.h */,
				0386D4E51D25A25800570A7D /* SyncQueue.h */,
				039056CC192552AE00214C6C /* Utilities.h */,
				03AB40C0191D546C0021ABD4 /* GMExceptions.h */,
				0302EAF71932C1F6007F898D /* UserInterface.h */,
				03F0205F1A4F2B7E0017186A /* LookupTable.h */,
				03E5AF031A50B93600F8C581 /* Constants.h */,
				03DDF3B31919621A00306788 /* PadLookupTable.h */,
				037A338E192A5E8E006E2E84 /* DataFile.h */,
				03AB40B2191D0D950021ABD4 /* GRAWFile.h */,
				03DDF3A31917FD9100306788 /* GRAWFrame.h */,
				03DDF3A61918026900306788 /* GRAWDataItem.h */,
				03DDF3AD19195A5E00306788 /* Event.h */,
				03F4B82719CC8690002CA2FE /* Merger.h */,
			);
			name = Headers;
			path = include;
			sourceTree = SOURCE_ROOT;
		};
		03AB40BE191D45C10021ABD4 /* Source */ = {
			isa = PBXGroup;
			children = (
				0386D4E01D25A24C00570A7D /* HDFDataStore.cpp */,
				0302EAF61932C1F6007F898D /* UserInterface.cpp */,
				03F020601A4F2BA50017186A /* LookupTable.cpp */,
				03F020621A4F32B70017186A /* PadLookupTable.cpp */,
				037A338D192A5E8E006E2E84 /* DataFile.cpp */,
				03AB40B1191D0D950021ABD4 /* GRAWFile.cpp */,
				03DDF3A21917FD9100306788 /* GRAWFrame.cpp */,
				03DDF3AC19195A5E00306788 /* Event.cpp */,
				03F4B82619CC8690002CA2FE /* Merger.cpp */,
				03DDF3991917FD1000306788 /* main.cpp */,
			);
			name = Source;
			path = src;
			sourceTree = "<group>";
		};
		03C2018D19267C2900264702 /* Unit Tests */ = {
			isa = PBXGroup;
			children = (
				03C201B11926942F00264702 /* MockData */,
				03C201B019268E7E00264702 /* MockGRAWFile.h */,
				038AB1041927F08B009C1C38 /* FakeRawFrame.h */,
				038AB1031927F08B009C1C38 /* FakeRawFrame.cpp */,
				03C201A41926835C00264702 /* GRAWFrameTests.cpp */,
				03C2019F19267D8A00264702 /* TraceTests.cpp */,
				034043B31A49E00A00339656 /* PadLookupTableTests.cpp */,
				03514B59192D16B60077C431 /* EventTests.cpp */,
				03C2018E19267C2900264702 /* main.cpp */,
				03C201B41926A6E700264702 /* libgmock.a */,
			);
			name = "Unit Tests";
			path = "get-manip-tests";
			sourceTree = SOURCE_ROOT;
		};
		03DDF38D1917FD0F00306788 = {
			isa = PBXGroup;
			children = (
				034043B51A49E0A100339656 /* MockLookup.csv */,
				03AB40BE191D45C10021ABD4 /* Source */,
				03AB40BD191D45A90021ABD4 /* Headers */,
				03F9CBD01A5360A7001A83A0 /* Package */,
				035149B2192CEEAB0077C431 /* docs */,
				03C2018D19267C2900264702 /* Unit Tests */,
				03AB409B191C269F0021ABD4 /* Frameworks */,
				03DDF3971917FD1000306788 /* Products */,
			);
			sourceTree = "<group>";
		};
		03DDF3971917FD1000306788 /* Products */ = {
			isa = PBXGroup;
			children = (
				03DDF3961917FD1000306788 /* get-manip */,
				03C2018C19267C2900264702 /* get-manip-tests */,
			);
			name = Products;
			sourceTree = "<group>";
		};
		03F9CBD01A5360A7001A83A0 /* Package */ = {
			isa = PBXGroup;
			children = (
				03F9CBD11A5360A7001A83A0 /* distribution.xml */,
				03F9CBD21A5360DE001A83A0 /* version */,
				03F9CBD31A5360FD001A83A0 /* pkg_build.sh */,
			);
			path = Package;
			sourceTree = "<group>";
		};
/* End PBXGroup section */

/* Begin PBXNativeTarget section */
		03C2018B19267C2900264702 /* get-manip-tests */ = {
			isa = PBXNativeTarget;
			buildConfigurationList = 03C2019219267C2900264702 /* Build configuration list for PBXNativeTarget "get-manip-tests" */;
			buildPhases = (
				03C2018819267C2900264702 /* Sources */,
				03C2018919267C2900264702 /* Frameworks */,
				03C2018A19267C2900264702 /* CopyFiles */,
			);
			buildRules = (
			);
			dependencies = (
			);
			name = "get-manip-tests";
			productName = GetConsolidateTests;
			productReference = 03C2018C19267C2900264702 /* get-manip-tests */;
			productType = "com.apple.product-type.tool";
		};
		03DDF3951917FD1000306788 /* get-manip */ = {
			isa = PBXNativeTarget;
			buildConfigurationList = 03DDF39F1917FD1000306788 /* Build configuration list for PBXNativeTarget "get-manip" */;
			buildPhases = (
				03DDF3921917FD1000306788 /* Sources */,
				03DDF3931917FD1000306788 /* Frameworks */,
			);
			buildRules = (
			);
			dependencies = (
			);
			name = "get-manip";
			productName = GETConsolidate;
			productReference = 03DDF3961917FD1000306788 /* get-manip */;
			productType = "com.apple.product-type.tool";
		};
/* End PBXNativeTarget section */

/* Begin PBXProject section */
		03DDF38E1917FD0F00306788 /* Project object */ = {
			isa = PBXProject;
			attributes = {
				LastUpgradeCheck = 0600;
				ORGANIZATIONNAME = NSCL;
			};
			buildConfigurationList = 03DDF3911917FD0F00306788 /* Build configuration list for PBXProject "get-manip" */;
			compatibilityVersion = "Xcode 3.2";
			developmentRegion = English;
			hasScannedForEncodings = 0;
			knownRegions = (
				en,
			);
			mainGroup = 03DDF38D1917FD0F00306788;
			productRefGroup = 03DDF3971917FD1000306788 /* Products */;
			projectDirPath = "";
			projectRoot = "";
			targets = (
				03DDF3951917FD1000306788 /* get-manip */,
				03C2018B19267C2900264702 /* get-manip-tests */,
			);
		};
/* End PBXProject section */

/* Begin PBXSourcesBuildPhase section */
		03C2018819267C2900264702 /* Sources */ = {
			isa = PBXSourcesBuildPhase;
			buildActionMask = 2147483647;
			files = (
				034043B41A49E00A00339656 /* PadLookupTableTests.cpp in Sources */,
				03C201A81926896700264702 /* GRAWFile.cpp in Sources */,
				037A3390192A5E8E006E2E84 /* DataFile.cpp in Sources */,
				03C628151A51A0AA002931FA /* LookupTable.cpp in Sources */,
				0302EAF91932C1F6007F898D /* UserInterface.cpp in Sources */,
				03C201A61926835C00264702 /* GRAWFrameTests.cpp in Sources */,
				03C201AB1926896700264702 /* Event.cpp in Sources */,
				03C628161A51A0B4002931FA /* PadLookupTable.cpp in Sources */,
				03C2018F19267C2900264702 /* main.cpp in Sources */,
				038AB1051927F08B009C1C38 /* FakeRawFrame.cpp in Sources */,
				03C201A91926896700264702 /* GRAWFrame.cpp in Sources */,
				03514B5B192D16B60077C431 /* EventTests.cpp in Sources */,
				03C201A119267D8A00264702 /* TraceTests.cpp in Sources */,
			);
			runOnlyForDeploymentPostprocessing = 0;
		};
		03DDF3921917FD1000306788 /* Sources */ = {
			isa = PBXSourcesBuildPhase;
			buildActionMask = 2147483647;
			files = (
				03AB40B3191D0D950021ABD4 /* GRAWFile.cpp in Sources */,
				03F020611A4F2BA50017186A /* LookupTable.cpp in Sources */,
				03F020631A4F32B70017186A /* PadLookupTable.cpp in Sources */,
				03DDF3AE19195A5E00306788 /* Event.cpp in Sources */,
				037A338F192A5E8E006E2E84 /* DataFile.cpp in Sources */,
				03DDF3A41917FD9100306788 /* GRAWFrame.cpp in Sources */,
				0302EAF81932C1F6007F898D /* UserInterface.cpp in Sources */,
				03F4B82819CC8690002CA2FE /* Merger.cpp in Sources */,
				0386D4E11D25A24C00570A7D /* HDFDataStore.cpp in Sources */,
				03DDF39A1917FD1000306788 /* main.cpp in Sources */,
			);
			runOnlyForDeploymentPostprocessing = 0;
		};
/* End PBXSourcesBuildPhase section */

/* Begin XCBuildConfiguration section */
		03C2019319267C2900264702 /* Debug */ = {
			isa = XCBuildConfiguration;
			buildSettings = {
				GCC_PREPROCESSOR_DEFINITIONS = (
					"DEBUG=1",
					"$(inherited)",
				);
				HEADER_SEARCH_PATHS = (
					"$(inherited)",
					/Applications/Xcode.app/Contents/Developer/Toolchains/XcodeDefault.xctoolchain/usr/include,
					/usr/local/include,
				);
				LIBRARY_SEARCH_PATHS = /usr/local/lib;
				PRODUCT_NAME = "$(TARGET_NAME)";
			};
			name = Debug;
		};
		03C2019419267C2900264702 /* Release */ = {
			isa = XCBuildConfiguration;
			buildSettings = {
				HEADER_SEARCH_PATHS = (
					"$(inherited)",
					/Applications/Xcode.app/Contents/Developer/Toolchains/XcodeDefault.xctoolchain/usr/include,
					/usr/local/include,
				);
				LIBRARY_SEARCH_PATHS = /usr/local/lib;
				PRODUCT_NAME = "$(TARGET_NAME)";
			};
			name = Release;
		};
		03DDF39D1917FD1000306788 /* Debug */ = {
			isa = XCBuildConfiguration;
			buildSettings = {
				ALWAYS_SEARCH_USER_PATHS = NO;
				CLANG_CXX_LANGUAGE_STANDARD = "gnu++0x";
				CLANG_CXX_LIBRARY = "libc++";
				CLANG_ENABLE_MODULES = YES;
				CLANG_ENABLE_OBJC_ARC = YES;
				CLANG_WARN_BOOL_CONVERSION = YES;
				CLANG_WARN_CONSTANT_CONVERSION = YES;
				CLANG_WARN_DIRECT_OBJC_ISA_USAGE = YES_ERROR;
				CLANG_WARN_EMPTY_BODY = YES;
				CLANG_WARN_ENUM_CONVERSION = YES;
				CLANG_WARN_INT_CONVERSION = YES;
				CLANG_WARN_OBJC_ROOT_CLASS = YES_ERROR;
				CLANG_WARN__DUPLICATE_METHOD_MATCH = YES;
				COPY_PHASE_STRIP = NO;
				GCC_C_LANGUAGE_STANDARD = gnu99;
				GCC_DYNAMIC_NO_PIC = NO;
				GCC_ENABLE_OBJC_EXCEPTIONS = YES;
				GCC_OPTIMIZATION_LEVEL = 0;
				GCC_PREPROCESSOR_DEFINITIONS = (
					"DEBUG=1",
					"$(inherited)",
				);
				GCC_SYMBOLS_PRIVATE_EXTERN = NO;
				GCC_WARN_64_TO_32_BIT_CONVERSION = YES;
				GCC_WARN_ABOUT_RETURN_TYPE = YES_ERROR;
				GCC_WARN_UNDECLARED_SELECTOR = YES;
				GCC_WARN_UNINITIALIZED_AUTOS = YES_AGGRESSIVE;
				GCC_WARN_UNUSED_FUNCTION = YES;
				GCC_WARN_UNUSED_VARIABLE = YES;
				LIBRARY_SEARCH_PATHS = "";
				MACOSX_DEPLOYMENT_TARGET = 10.9;
				ONLY_ACTIVE_ARCH = YES;
				SDKROOT = macosx;
			};
			name = Debug;
		};
		03DDF39E1917FD1000306788 /* Release */ = {
			isa = XCBuildConfiguration;
			buildSettings = {
				ALWAYS_SEARCH_USER_PATHS = NO;
				CLANG_CXX_LANGUAGE_STANDARD = "gnu++0x";
				CLANG_CXX_LIBRARY = "libc++";
				CLANG_ENABLE_MODULES = YES;
				CLANG_ENABLE_OBJC_ARC = YES;
				CLANG_WARN_BOOL_CONVERSION = YES;
				CLANG_WARN_CONSTANT_CONVERSION = YES;
				CLANG_WARN_DIRECT_OBJC_ISA_USAGE = YES_ERROR;
				CLANG_WARN_EMPTY_BODY = YES;
				CLANG_WARN_ENUM_CONVERSION = YES;
				CLANG_WARN_INT_CONVERSION = YES;
				CLANG_WARN_OBJC_ROOT_CLASS = YES_ERROR;
				CLANG_WARN__DUPLICATE_METHOD_MATCH = YES;
				COPY_PHASE_STRIP = YES;
				DEBUG_INFORMATION_FORMAT = "dwarf-with-dsym";
				ENABLE_NS_ASSERTIONS = NO;
				GCC_C_LANGUAGE_STANDARD = gnu99;
				GCC_ENABLE_OBJC_EXCEPTIONS = YES;
				GCC_WARN_64_TO_32_BIT_CONVERSION = YES;
				GCC_WARN_ABOUT_RETURN_TYPE = YES_ERROR;
				GCC_WARN_UNDECLARED_SELECTOR = YES;
				GCC_WARN_UNINITIALIZED_AUTOS = YES_AGGRESSIVE;
				GCC_WARN_UNUSED_FUNCTION = YES;
				GCC_WARN_UNUSED_VARIABLE = YES;
				LIBRARY_SEARCH_PATHS = "";
				MACOSX_DEPLOYMENT_TARGET = 10.9;
				SDKROOT = macosx;
			};
			name = Release;
		};
		03DDF3A01917FD1000306788 /* Debug */ = {
			isa = XCBuildConfiguration;
			buildSettings = {
				ALWAYS_SEARCH_USER_PATHS = YES;
				DEPLOYMENT_LOCATION = NO;
				HEADER_SEARCH_PATHS = (
					"$(inherited)",
					/Applications/Xcode.app/Contents/Developer/Toolchains/XcodeDefault.xctoolchain/usr/include,
					/usr/local/include,
				);
				LIBRARY_SEARCH_PATHS = (
					/usr/local/lib,
					/usr/local/hdf5/lib,
				);
				PRODUCT_NAME = "$(TARGET_NAME)";
				USER_HEADER_SEARCH_PATHS = "/usr/local/hdf5/include/**";
			};
			name = Debug;
		};
		03DDF3A11917FD1000306788 /* Release */ = {
			isa = XCBuildConfiguration;
			buildSettings = {
				ALWAYS_SEARCH_USER_PATHS = YES;
				DEPLOYMENT_LOCATION = YES;
				HEADER_SEARCH_PATHS = (
					"$(inherited)",
					/Applications/Xcode.app/Contents/Developer/Toolchains/XcodeDefault.xctoolchain/usr/include,
					/usr/local/include,
				);
				LIBRARY_SEARCH_PATHS = (
					/usr/local/lib,
					/usr/local/hdf5/lib,
				);
				PRODUCT_NAME = "$(TARGET_NAME)";
				USER_HEADER_SEARCH_PATHS = "/usr/local/hdf5/include/**";
			};
			name = Release;
		};
/* End XCBuildConfiguration section */

/* Begin XCConfigurationList section */
		03C2019219267C2900264702 /* Build configuration list for PBXNativeTarget "get-manip-tests" */ = {
			isa = XCConfigurationList;
			buildConfigurations = (
				03C2019319267C2900264702 /* Debug */,
				03C2019419267C2900264702 /* Release */,
			);
			defaultConfigurationIsVisible = 0;
			defaultConfigurationName = Release;
		};
		03DDF3911917FD0F00306788 /* Build configuration list for PBXProject "get-manip" */ = {
			isa = XCConfigurationList;
			buildConfigurations = (
				03DDF39D1917FD1000306788 /* Debug */,
				03DDF39E1917FD1000306788 /* Release */,
			);
			defaultConfigurationIsVisible = 0;
			defaultConfigurationName = Release;
		};
		03DDF39F1917FD1000306788 /* Build configuration list for PBXNativeTarget "get-manip" */ = {
			isa = XCConfigurationList;
			buildConfigurations = (
				03DDF3A01917FD1000306788 /* Debug */,
				03DDF3A11917FD1000306788 /* Release */,
			);
			defaultConfigurationIsVisible = 0;
			defaultConfigurationName = Release;
		};
/* End XCConfigurationList section */
	};
	rootObject = 03DDF38E1917FD0F00306788 /* Project object */;
}
